// !$*UTF8*$!
{
	archiveVersion = 1;
	classes = {
	};
	objectVersion = 46;
	objects = {

/* Begin PBXBuildFile section */
		F3239EC51D30A11C00F92A01 /* UIBarButtonItem+JKItem.m in Sources */ = {isa = PBXBuildFile; fileRef = F3239EC41D30A11C00F92A01 /* UIBarButtonItem+JKItem.m */; };
		F342522C1D2F8CE300355741 /* JKTabBar.m in Sources */ = {isa = PBXBuildFile; fileRef = F342522B1D2F8CE300355741 /* JKTabBar.m */; };
		F342522F1D2FCD3800355741 /* UIView+JKFrame.m in Sources */ = {isa = PBXBuildFile; fileRef = F342522E1D2FCD3800355741 /* UIView+JKFrame.m */; };
		F3C9FEA91D2E709A004BF32E /* main.m in Sources */ = {isa = PBXBuildFile; fileRef = F3C9FEA81D2E709A004BF32E /* main.m */; };
		F3C9FEAC1D2E709A004BF32E /* AppDelegate.m in Sources */ = {isa = PBXBuildFile; fileRef = F3C9FEAB1D2E709A004BF32E /* AppDelegate.m */; };
		F3C9FEB41D2E709A004BF32E /* Assets.xcassets in Resources */ = {isa = PBXBuildFile; fileRef = F3C9FEB31D2E709A004BF32E /* Assets.xcassets */; };
		F3C9FEB71D2E709A004BF32E /* LaunchScreen.storyboard in Resources */ = {isa = PBXBuildFile; fileRef = F3C9FEB51D2E709A004BF32E /* LaunchScreen.storyboard */; };
		F3C9FEDA1D2E806A004BF32E /* JKTabBarC.m in Sources */ = {isa = PBXBuildFile; fileRef = F3C9FED91D2E806A004BF32E /* JKTabBarC.m */; };
		F3C9FEDD1D2E80E1004BF32E /* JKHomeVC.m in Sources */ = {isa = PBXBuildFile; fileRef = F3C9FEDC1D2E80E1004BF32E /* JKHomeVC.m */; };
		F3C9FEE01D2E8107004BF32E /* JKNewVC.m in Sources */ = {isa = PBXBuildFile; fileRef = F3C9FEDF1D2E8107004BF32E /* JKNewVC.m */; };
		F3C9FEE31D2E813C004BF32E /* JKPublishVC.m in Sources */ = {isa = PBXBuildFile; fileRef = F3C9FEE21D2E813C004BF32E /* JKPublishVC.m */; };
		F3C9FEE61D2E8174004BF32E /* JKFriendTrendVC.m in Sources */ = {isa = PBXBuildFile; fileRef = F3C9FEE51D2E8174004BF32E /* JKFriendTrendVC.m */; };
		F3C9FEE91D2E818A004BF32E /* JKMeTVC.m in Sources */ = {isa = PBXBuildFile; fileRef = F3C9FEE81D2E818A004BF32E /* JKMeTVC.m */; };
		F3C9FEF31D2E8F31004BF32E /* UIImage+JKRendering.m in Sources */ = {isa = PBXBuildFile; fileRef = F3C9FEF21D2E8F31004BF32E /* UIImage+JKRendering.m */; };
/* End PBXBuildFile section */

/* Begin PBXFileReference section */
		F3239EC31D30A11C00F92A01 /* UIBarButtonItem+JKItem.h */ = {isa = PBXFileReference; fileEncoding = 4; lastKnownFileType = sourcecode.c.h; path = "UIBarButtonItem+JKItem.h"; sourceTree = "<group>"; };
		F3239EC41D30A11C00F92A01 /* UIBarButtonItem+JKItem.m */ = {isa = PBXFileReference; fileEncoding = 4; lastKnownFileType = sourcecode.c.objc; path = "UIBarButtonItem+JKItem.m"; sourceTree = "<group>"; };
		F342522A1D2F8CE300355741 /* JKTabBar.h */ = {isa = PBXFileReference; fileEncoding = 4; lastKnownFileType = sourcecode.c.h; path = JKTabBar.h; sourceTree = "<group>"; };
		F342522B1D2F8CE300355741 /* JKTabBar.m */ = {isa = PBXFileReference; fileEncoding = 4; lastKnownFileType = sourcecode.c.objc; path = JKTabBar.m; sourceTree = "<group>"; };
		F342522D1D2FCD3800355741 /* UIView+JKFrame.h */ = {isa = PBXFileReference; fileEncoding = 4; lastKnownFileType = sourcecode.c.h; path = "UIView+JKFrame.h"; sourceTree = "<group>"; };
		F342522E1D2FCD3800355741 /* UIView+JKFrame.m */ = {isa = PBXFileReference; fileEncoding = 4; lastKnownFileType = sourcecode.c.objc; path = "UIView+JKFrame.m"; sourceTree = "<group>"; };
		F34252311D2FCF9000355741 /* BuDeJie.pch */ = {isa = PBXFileReference; fileEncoding = 4; lastKnownFileType = sourcecode.c.h; path = BuDeJie.pch; sourceTree = "<group>"; };
		F3C9FEA41D2E709A004BF32E /* BuDeJie.app */ = {isa = PBXFileReference; explicitFileType = wrapper.application; includeInIndex = 0; path = BuDeJie.app; sourceTree = BUILT_PRODUCTS_DIR; };
		F3C9FEA81D2E709A004BF32E /* main.m */ = {isa = PBXFileReference; lastKnownFileType = sourcecode.c.objc; path = main.m; sourceTree = "<group>"; };
		F3C9FEAA1D2E709A004BF32E /* AppDelegate.h */ = {isa = PBXFileReference; lastKnownFileType = sourcecode.c.h; name = AppDelegate.h; path = ../../AppDelegate.h; sourceTree = "<group>"; };
		F3C9FEAB1D2E709A004BF32E /* AppDelegate.m */ = {isa = PBXFileReference; lastKnownFileType = sourcecode.c.objc; name = AppDelegate.m; path = ../../AppDelegate.m; sourceTree = "<group>"; };
		F3C9FEB31D2E709A004BF32E /* Assets.xcassets */ = {isa = PBXFileReference; lastKnownFileType = folder.assetcatalog; path = Assets.xcassets; sourceTree = "<group>"; };
		F3C9FEB61D2E709A004BF32E /* Base */ = {isa = PBXFileReference; lastKnownFileType = file.storyboard; name = Base; path = Base.lproj/LaunchScreen.storyboard; sourceTree = "<group>"; };
		F3C9FEB81D2E709A004BF32E /* Info.plist */ = {isa = PBXFileReference; lastKnownFileType = text.plist.xml; name = Info.plist; path = ../../Info.plist; sourceTree = "<group>"; };
		F3C9FED81D2E806A004BF32E /* JKTabBarC.h */ = {isa = PBXFileReference; fileEncoding = 4; lastKnownFileType = sourcecode.c.h; path = JKTabBarC.h; sourceTree = "<group>"; };
		F3C9FED91D2E806A004BF32E /* JKTabBarC.m */ = {isa = PBXFileReference; fileEncoding = 4; lastKnownFileType = sourcecode.c.objc; path = JKTabBarC.m; sourceTree = "<group>"; };
		F3C9FEDB1D2E80E1004BF32E /* JKHomeVC.h */ = {isa = PBXFileReference; fileEncoding = 4; lastKnownFileType = sourcecode.c.h; path = JKHomeVC.h; sourceTree = "<group>"; };
		F3C9FEDC1D2E80E1004BF32E /* JKHomeVC.m */ = {isa = PBXFileReference; fileEncoding = 4; lastKnownFileType = sourcecode.c.objc; path = JKHomeVC.m; sourceTree = "<group>"; };
		F3C9FEDE1D2E8107004BF32E /* JKNewVC.h */ = {isa = PBXFileReference; fileEncoding = 4; lastKnownFileType = sourcecode.c.h; path = JKNewVC.h; sourceTree = "<group>"; };
		F3C9FEDF1D2E8107004BF32E /* JKNewVC.m */ = {isa = PBXFileReference; fileEncoding = 4; lastKnownFileType = sourcecode.c.objc; path = JKNewVC.m; sourceTree = "<group>"; };
		F3C9FEE11D2E813C004BF32E /* JKPublishVC.h */ = {isa = PBXFileReference; fileEncoding = 4; lastKnownFileType = sourcecode.c.h; path = JKPublishVC.h; sourceTree = "<group>"; };
		F3C9FEE21D2E813C004BF32E /* JKPublishVC.m */ = {isa = PBXFileReference; fileEncoding = 4; lastKnownFileType = sourcecode.c.objc; path = JKPublishVC.m; sourceTree = "<group>"; };
		F3C9FEE41D2E8174004BF32E /* JKFriendTrendVC.h */ = {isa = PBXFileReference; fileEncoding = 4; lastKnownFileType = sourcecode.c.h; path = JKFriendTrendVC.h; sourceTree = "<group>"; };
		F3C9FEE51D2E8174004BF32E /* JKFriendTrendVC.m */ = {isa = PBXFileReference; fileEncoding = 4; lastKnownFileType = sourcecode.c.objc; path = JKFriendTrendVC.m; sourceTree = "<group>"; };
		F3C9FEE71D2E818A004BF32E /* JKMeTVC.h */ = {isa = PBXFileReference; fileEncoding = 4; lastKnownFileType = sourcecode.c.h; path = JKMeTVC.h; sourceTree = "<group>"; };
		F3C9FEE81D2E818A004BF32E /* JKMeTVC.m */ = {isa = PBXFileReference; fileEncoding = 4; lastKnownFileType = sourcecode.c.objc; path = JKMeTVC.m; sourceTree = "<group>"; };
		F3C9FEF11D2E8F31004BF32E /* UIImage+JKRendering.h */ = {isa = PBXFileReference; fileEncoding = 4; lastKnownFileType = sourcecode.c.h; path = "UIImage+JKRendering.h"; sourceTree = "<group>"; };
		F3C9FEF21D2E8F31004BF32E /* UIImage+JKRendering.m */ = {isa = PBXFileReference; fileEncoding = 4; lastKnownFileType = sourcecode.c.objc; path = "UIImage+JKRendering.m"; sourceTree = "<group>"; };
/* End PBXFileReference section */

/* Begin PBXFrameworksBuildPhase section */
		F3C9FEA11D2E709A004BF32E /* Frameworks */ = {
			isa = PBXFrameworksBuildPhase;
			buildActionMask = 2147483647;
			files = (
			);
			runOnlyForDeploymentPostprocessing = 0;
		};
/* End PBXFrameworksBuildPhase section */

/* Begin PBXGroup section */
		F3C9FE9B1D2E709A004BF32E = {
			isa = PBXGroup;
			children = (
				F3C9FEA61D2E709A004BF32E /* BuDeJie */,
				F3C9FEA51D2E709A004BF32E /* Products */,
			);
			sourceTree = "<group>";
		};
		F3C9FEA51D2E709A004BF32E /* Products */ = {
			isa = PBXGroup;
			children = (
				F3C9FEA41D2E709A004BF32E /* BuDeJie.app */,
			);
			name = Products;
			sourceTree = "<group>";
		};
		F3C9FEA61D2E709A004BF32E /* BuDeJie */ = {
			isa = PBXGroup;
			children = (
				F3C9FEBE1D2E7CBD004BF32E /* Classes */,
				F3C9FEB31D2E709A004BF32E /* Assets.xcassets */,
				F3C9FEA71D2E709A004BF32E /* Supporting Files */,
			);
			path = BuDeJie;
			sourceTree = "<group>";
		};
		F3C9FEA71D2E709A004BF32E /* Supporting Files */ = {
			isa = PBXGroup;
			children = (
				F3C9FEA81D2E709A004BF32E /* main.m */,
			);
			name = "Supporting Files";
			sourceTree = "<group>";
		};
		F3C9FEBE1D2E7CBD004BF32E /* Classes */ = {
			isa = PBXGroup;
			children = (
				F3C9FEC71D2E7CBD004BF32E /* Main */,
				F3C9FEC31D2E7CBD004BF32E /* Home */,
				F3C9FECF1D2E7CBD004BF32E /* New */,
				F3C9FED31D2E7CBD004BF32E /* Publish */,
				F3C9FEBF1D2E7CBD004BF32E /* FriendTrend */,
				F3C9FECB1D2E7CBD004BF32E /* Me */,
				F3C9FED71D2E7D3B004BF32E /* Others */,
			);
			path = Classes;
			sourceTree = "<group>";
		};
		F3C9FEBF1D2E7CBD004BF32E /* FriendTrend */ = {
			isa = PBXGroup;
			children = (
				F3C9FEC01D2E7CBD004BF32E /* Controller */,
				F3C9FEC11D2E7CBD004BF32E /* Model */,
				F3C9FEC21D2E7CBD004BF32E /* View */,
			);
			path = FriendTrend;
			sourceTree = "<group>";
		};
		F3C9FEC01D2E7CBD004BF32E /* Controller */ = {
			isa = PBXGroup;
			children = (
				F3C9FEE41D2E8174004BF32E /* JKFriendTrendVC.h */,
				F3C9FEE51D2E8174004BF32E /* JKFriendTrendVC.m */,
			);
			path = Controller;
			sourceTree = "<group>";
		};
		F3C9FEC11D2E7CBD004BF32E /* Model */ = {
			isa = PBXGroup;
			children = (
			);
			path = Model;
			sourceTree = "<group>";
		};
		F3C9FEC21D2E7CBD004BF32E /* View */ = {
			isa = PBXGroup;
			children = (
			);
			path = View;
			sourceTree = "<group>";
		};
		F3C9FEC31D2E7CBD004BF32E /* Home */ = {
			isa = PBXGroup;
			children = (
				F3C9FEC41D2E7CBD004BF32E /* Controller */,
				F3C9FEC51D2E7CBD004BF32E /* Model */,
				F3C9FEC61D2E7CBD004BF32E /* View */,
			);
			path = Home;
			sourceTree = "<group>";
		};
		F3C9FEC41D2E7CBD004BF32E /* Controller */ = {
			isa = PBXGroup;
			children = (
				F3C9FEDB1D2E80E1004BF32E /* JKHomeVC.h */,
				F3C9FEDC1D2E80E1004BF32E /* JKHomeVC.m */,
			);
			path = Controller;
			sourceTree = "<group>";
		};
		F3C9FEC51D2E7CBD004BF32E /* Model */ = {
			isa = PBXGroup;
			children = (
			);
			path = Model;
			sourceTree = "<group>";
		};
		F3C9FEC61D2E7CBD004BF32E /* View */ = {
			isa = PBXGroup;
			children = (
			);
			path = View;
			sourceTree = "<group>";
		};
		F3C9FEC71D2E7CBD004BF32E /* Main */ = {
			isa = PBXGroup;
			children = (
				F3C9FEC81D2E7CBD004BF32E /* Controller */,
				F3C9FEC91D2E7CBD004BF32E /* Model */,
				F3C9FECA1D2E7CBD004BF32E /* View */,
			);
			path = Main;
			sourceTree = "<group>";
		};
		F3C9FEC81D2E7CBD004BF32E /* Controller */ = {
			isa = PBXGroup;
			children = (
				F3C9FED81D2E806A004BF32E /* JKTabBarC.h */,
				F3C9FED91D2E806A004BF32E /* JKTabBarC.m */,
			);
			path = Controller;
			sourceTree = "<group>";
		};
		F3C9FEC91D2E7CBD004BF32E /* Model */ = {
			isa = PBXGroup;
			children = (
			);
			path = Model;
			sourceTree = "<group>";
		};
		F3C9FECA1D2E7CBD004BF32E /* View */ = {
			isa = PBXGroup;
			children = (
				F342522A1D2F8CE300355741 /* JKTabBar.h */,
				F342522B1D2F8CE300355741 /* JKTabBar.m */,
			);
			path = View;
			sourceTree = "<group>";
		};
		F3C9FECB1D2E7CBD004BF32E /* Me */ = {
			isa = PBXGroup;
			children = (
				F3C9FECC1D2E7CBD004BF32E /* Controller */,
				F3C9FECD1D2E7CBD004BF32E /* Model */,
				F3C9FECE1D2E7CBD004BF32E /* View */,
			);
			path = Me;
			sourceTree = "<group>";
		};
		F3C9FECC1D2E7CBD004BF32E /* Controller */ = {
			isa = PBXGroup;
			children = (
				F3C9FEE71D2E818A004BF32E /* JKMeTVC.h */,
				F3C9FEE81D2E818A004BF32E /* JKMeTVC.m */,
			);
			path = Controller;
			sourceTree = "<group>";
		};
		F3C9FECD1D2E7CBD004BF32E /* Model */ = {
			isa = PBXGroup;
			children = (
			);
			path = Model;
			sourceTree = "<group>";
		};
		F3C9FECE1D2E7CBD004BF32E /* View */ = {
			isa = PBXGroup;
			children = (
			);
			path = View;
			sourceTree = "<group>";
		};
		F3C9FECF1D2E7CBD004BF32E /* New */ = {
			isa = PBXGroup;
			children = (
				F3C9FED01D2E7CBD004BF32E /* Controller */,
				F3C9FED11D2E7CBD004BF32E /* Model */,
				F3C9FED21D2E7CBD004BF32E /* View */,
			);
			path = New;
			sourceTree = "<group>";
		};
		F3C9FED01D2E7CBD004BF32E /* Controller */ = {
			isa = PBXGroup;
			children = (
				F3C9FEDE1D2E8107004BF32E /* JKNewVC.h */,
				F3C9FEDF1D2E8107004BF32E /* JKNewVC.m */,
			);
			path = Controller;
			sourceTree = "<group>";
		};
		F3C9FED11D2E7CBD004BF32E /* Model */ = {
			isa = PBXGroup;
			children = (
			);
			path = Model;
			sourceTree = "<group>";
		};
		F3C9FED21D2E7CBD004BF32E /* View */ = {
			isa = PBXGroup;
			children = (
			);
			path = View;
			sourceTree = "<group>";
		};
		F3C9FED31D2E7CBD004BF32E /* Publish */ = {
			isa = PBXGroup;
			children = (
				F3C9FED41D2E7CBD004BF32E /* Controller */,
				F3C9FED51D2E7CBD004BF32E /* Model */,
				F3C9FED61D2E7CBD004BF32E /* View */,
			);
			path = Publish;
			sourceTree = "<group>";
		};
		F3C9FED41D2E7CBD004BF32E /* Controller */ = {
			isa = PBXGroup;
			children = (
				F3C9FEE11D2E813C004BF32E /* JKPublishVC.h */,
				F3C9FEE21D2E813C004BF32E /* JKPublishVC.m */,
			);
			path = Controller;
			sourceTree = "<group>";
		};
		F3C9FED51D2E7CBD004BF32E /* Model */ = {
			isa = PBXGroup;
			children = (
			);
			path = Model;
			sourceTree = "<group>";
		};
		F3C9FED61D2E7CBD004BF32E /* View */ = {
			isa = PBXGroup;
			children = (
			);
			path = View;
			sourceTree = "<group>";
		};
		F3C9FED71D2E7D3B004BF32E /* Others */ = {
			isa = PBXGroup;
			children = (
				F3C9FEED1D2E8BB5004BF32E /* category */,
				F3C9FEAA1D2E709A004BF32E /* AppDelegate.h */,
				F3C9FEAB1D2E709A004BF32E /* AppDelegate.m */,
				F3C9FEB51D2E709A004BF32E /* LaunchScreen.storyboard */,
				F34252311D2FCF9000355741 /* BuDeJie.pch */,
				F3C9FEB81D2E709A004BF32E /* Info.plist */,
			);
			path = Others;
			sourceTree = "<group>";
		};
		F3C9FEED1D2E8BB5004BF32E /* category */ = {
			isa = PBXGroup;
			children = (
				F3C9FEF11D2E8F31004BF32E /* UIImage+JKRendering.h */,
				F3C9FEF21D2E8F31004BF32E /* UIImage+JKRendering.m */,
				F342522D1D2FCD3800355741 /* UIView+JKFrame.h */,
				F342522E1D2FCD3800355741 /* UIView+JKFrame.m */,
				F3239EC31D30A11C00F92A01 /* UIBarButtonItem+JKItem.h */,
				F3239EC41D30A11C00F92A01 /* UIBarButtonItem+JKItem.m */,
			);
			path = category;
			sourceTree = "<group>";
		};
/* End PBXGroup section */

/* Begin PBXNativeTarget section */
		F3C9FEA31D2E709A004BF32E /* BuDeJie */ = {
			isa = PBXNativeTarget;
			buildConfigurationList = F3C9FEBB1D2E709A004BF32E /* Build configuration list for PBXNativeTarget "BuDeJie" */;
			buildPhases = (
				F3C9FEA01D2E709A004BF32E /* Sources */,
				F3C9FEA11D2E709A004BF32E /* Frameworks */,
				F3C9FEA21D2E709A004BF32E /* Resources */,
			);
			buildRules = (
			);
			dependencies = (
			);
			name = BuDeJie;
			productName = BuDeJie;
			productReference = F3C9FEA41D2E709A004BF32E /* BuDeJie.app */;
			productType = "com.apple.product-type.application";
		};
/* End PBXNativeTarget section */

/* Begin PBXProject section */
		F3C9FE9C1D2E709A004BF32E /* Project object */ = {
			isa = PBXProject;
			attributes = {
				CLASSPREFIX = JK;
				LastUpgradeCheck = 0730;
				ORGANIZATIONNAME = Joker;
				TargetAttributes = {
					F3C9FEA31D2E709A004BF32E = {
						CreatedOnToolsVersion = 7.3;
						DevelopmentTeam = 424WZ7M67W;
					};
				};
			};
			buildConfigurationList = F3C9FE9F1D2E709A004BF32E /* Build configuration list for PBXProject "BuDeJie" */;
			compatibilityVersion = "Xcode 3.2";
			developmentRegion = English;
			hasScannedForEncodings = 0;
			knownRegions = (
				en,
				Base,
			);
			mainGroup = F3C9FE9B1D2E709A004BF32E;
			productRefGroup = F3C9FEA51D2E709A004BF32E /* Products */;
			projectDirPath = "";
			projectRoot = "";
			targets = (
				F3C9FEA31D2E709A004BF32E /* BuDeJie */,
			);
		};
/* End PBXProject section */

/* Begin PBXResourcesBuildPhase section */
		F3C9FEA21D2E709A004BF32E /* Resources */ = {
			isa = PBXResourcesBuildPhase;
			buildActionMask = 2147483647;
			files = (
				F3C9FEB71D2E709A004BF32E /* LaunchScreen.storyboard in Resources */,
				F3C9FEB41D2E709A004BF32E /* Assets.xcassets in Resources */,
			);
			runOnlyForDeploymentPostprocessing = 0;
		};
/* End PBXResourcesBuildPhase section */

/* Begin PBXSourcesBuildPhase section */
		F3C9FEA01D2E709A004BF32E /* Sources */ = {
			isa = PBXSourcesBuildPhase;
			buildActionMask = 2147483647;
			files = (
				F3C9FEAC1D2E709A004BF32E /* AppDelegate.m in Sources */,
				F3C9FEE61D2E8174004BF32E /* JKFriendTrendVC.m in Sources */,
				F342522C1D2F8CE300355741 /* JKTabBar.m in Sources */,
				F3239EC51D30A11C00F92A01 /* UIBarButtonItem+JKItem.m in Sources */,
				F3C9FEE91D2E818A004BF32E /* JKMeTVC.m in Sources */,
				F3C9FEA91D2E709A004BF32E /* main.m in Sources */,
				F3C9FEE01D2E8107004BF32E /* JKNewVC.m in Sources */,
				F3C9FEF31D2E8F31004BF32E /* UIImage+JKRendering.m in Sources */,
				F3C9FEE31D2E813C004BF32E /* JKPublishVC.m in Sources */,
				F3C9FEDA1D2E806A004BF32E /* JKTabBarC.m in Sources */,
				F342522F1D2FCD3800355741 /* UIView+JKFrame.m in Sources */,
				F3C9FEDD1D2E80E1004BF32E /* JKHomeVC.m in Sources */,
			);
			runOnlyForDeploymentPostprocessing = 0;
		};
/* End PBXSourcesBuildPhase section */

/* Begin PBXVariantGroup section */
		F3C9FEB51D2E709A004BF32E /* LaunchScreen.storyboard */ = {
			isa = PBXVariantGroup;
			children = (
				F3C9FEB61D2E709A004BF32E /* Base */,
			);
			name = LaunchScreen.storyboard;
			path = ../..;
			sourceTree = "<group>";
		};
/* End PBXVariantGroup section */

/* Begin XCBuildConfiguration section */
		F3C9FEB91D2E709A004BF32E /* Debug */ = {
			isa = XCBuildConfiguration;
			buildSettings = {
				ALWAYS_SEARCH_USER_PATHS = NO;
				CLANG_ANALYZER_NONNULL = YES;
				CLANG_CXX_LANGUAGE_STANDARD = "gnu++0x";
				CLANG_CXX_LIBRARY = "libc++";
				CLANG_ENABLE_MODULES = YES;
				CLANG_ENABLE_OBJC_ARC = YES;
				CLANG_WARN_BOOL_CONVERSION = YES;
				CLANG_WARN_CONSTANT_CONVERSION = YES;
				CLANG_WARN_DIRECT_OBJC_ISA_USAGE = YES_ERROR;
				CLANG_WARN_EMPTY_BODY = YES;
				CLANG_WARN_ENUM_CONVERSION = YES;
				CLANG_WARN_INT_CONVERSION = YES;
				CLANG_WARN_OBJC_ROOT_CLASS = YES_ERROR;
				CLANG_WARN_UNREACHABLE_CODE = YES;
				CLANG_WARN__DUPLICATE_METHOD_MATCH = YES;
				"CODE_SIGN_IDENTITY[sdk=iphoneos*]" = "iPhone Developer";
				COPY_PHASE_STRIP = NO;
				DEBUG_INFORMATION_FORMAT = dwarf;
				ENABLE_STRICT_OBJC_MSGSEND = YES;
				ENABLE_TESTABILITY = YES;
				GCC_C_LANGUAGE_STANDARD = gnu99;
				GCC_DYNAMIC_NO_PIC = NO;
				GCC_NO_COMMON_BLOCKS = YES;
				GCC_OPTIMIZATION_LEVEL = 0;
				GCC_PREPROCESSOR_DEFINITIONS = (
					"DEBUG=1",
					"$(inherited)",
				);
				GCC_WARN_64_TO_32_BIT_CONVERSION = YES;
				GCC_WARN_ABOUT_RETURN_TYPE = YES_ERROR;
				GCC_WARN_UNDECLARED_SELECTOR = YES;
				GCC_WARN_UNINITIALIZED_AUTOS = YES_AGGRESSIVE;
				GCC_WARN_UNUSED_FUNCTION = YES;
				GCC_WARN_UNUSED_VARIABLE = YES;
				IPHONEOS_DEPLOYMENT_TARGET = 9.3;
				MTL_ENABLE_DEBUG_INFO = YES;
				ONLY_ACTIVE_ARCH = YES;
				SDKROOT = iphoneos;
			};
			name = Debug;
		};
		F3C9FEBA1D2E709A004BF32E /* Release */ = {
			isa = XCBuildConfiguration;
			buildSettings = {
				ALWAYS_SEARCH_USER_PATHS = NO;
				CLANG_ANALYZER_NONNULL = YES;
				CLANG_CXX_LANGUAGE_STANDARD = "gnu++0x";
				CLANG_CXX_LIBRARY = "libc++";
				CLANG_ENABLE_MODULES = YES;
				CLANG_ENABLE_OBJC_ARC = YES;
				CLANG_WARN_BOOL_CONVERSION = YES;
				CLANG_WARN_CONSTANT_CONVERSION = YES;
				CLANG_WARN_DIRECT_OBJC_ISA_USAGE = YES_ERROR;
				CLANG_WARN_EMPTY_BODY = YES;
				CLANG_WARN_ENUM_CONVERSION = YES;
				CLANG_WARN_INT_CONVERSION = YES;
				CLANG_WARN_OBJC_ROOT_CLASS = YES_ERROR;
				CLANG_WARN_UNREACHABLE_CODE = YES;
				CLANG_WARN__DUPLICATE_METHOD_MATCH = YES;
				"CODE_SIGN_IDENTITY[sdk=iphoneos*]" = "iPhone Developer";
				COPY_PHASE_STRIP = NO;
				DEBUG_INFORMATION_FORMAT = "dwarf-with-dsym";
				ENABLE_NS_ASSERTIONS = NO;
				ENABLE_STRICT_OBJC_MSGSEND = YES;
				GCC_C_LANGUAGE_STANDARD = gnu99;
				GCC_NO_COMMON_BLOCKS = YES;
				GCC_WARN_64_TO_32_BIT_CONVERSION = YES;
				GCC_WARN_ABOUT_RETURN_TYPE = YES_ERROR;
				GCC_WARN_UNDECLARED_SELECTOR = YES;
				GCC_WARN_UNINITIALIZED_AUTOS = YES_AGGRESSIVE;
				GCC_WARN_UNUSED_FUNCTION = YES;
				GCC_WARN_UNUSED_VARIABLE = YES;
				IPHONEOS_DEPLOYMENT_TARGET = 9.3;
				MTL_ENABLE_DEBUG_INFO = NO;
				SDKROOT = iphoneos;
				VALIDATE_PRODUCT = YES;
			};
			name = Release;
		};
		F3C9FEBC1D2E709A004BF32E /* Debug */ = {
			isa = XCBuildConfiguration;
			buildSettings = {
				ASSETCATALOG_COMPILER_APPICON_NAME = AppIcon;
				ASSETCATALOG_COMPILER_LAUNCHIMAGE_NAME = LaunchImage;
				CODE_SIGN_IDENTITY = "iPhone Developer";
				GCC_PRECOMPILE_PREFIX_HEADER = YES;
				GCC_PREFIX_HEADER = BuDeJie/Classes/Others/BuDeJie.pch;
				INFOPLIST_FILE = BuDeJie/Info.plist;
				IPHONEOS_DEPLOYMENT_TARGET = 9.0;
				LD_RUNPATH_SEARCH_PATHS = "$(inherited) @executable_path/Frameworks";
				PRODUCT_BUNDLE_IDENTIFIER = com.Joker.BuDeJie;
				PRODUCT_NAME = "$(TARGET_NAME)";
			};
			name = Debug;
		};
		F3C9FEBD1D2E709A004BF32E /* Release */ = {
			isa = XCBuildConfiguration;
			buildSettings = {
				ASSETCATALOG_COMPILER_APPICON_NAME = AppIcon;
				ASSETCATALOG_COMPILER_LAUNCHIMAGE_NAME = LaunchImage;
				CODE_SIGN_IDENTITY = "iPhone Developer";
				GCC_PRECOMPILE_PREFIX_HEADER = YES;
				GCC_PREFIX_HEADER = BuDeJie/Classes/Others/BuDeJie.pch;
				INFOPLIST_FILE = BuDeJie/Info.plist;
				IPHONEOS_DEPLOYMENT_TARGET = 9.0;
				LD_RUNPATH_SEARCH_PATHS = "$(inherited) @executable_path/Frameworks";
				PRODUCT_BUNDLE_IDENTIFIER = com.Joker.BuDeJie;
				PRODUCT_NAME = "$(TARGET_NAME)";
			};
			name = Release;
		};
/* End XCBuildConfiguration section */

/* Begin XCConfigurationList section */
		F3C9FE9F1D2E709A004BF32E /* Build configuration list for PBXProject "BuDeJie" */ = {
			isa = XCConfigurationList;
			buildConfigurations = (
				F3C9FEB91D2E709A004BF32E /* Debug */,
				F3C9FEBA1D2E709A004BF32E /* Release */,
			);
			defaultConfigurationIsVisible = 0;
			defaultConfigurationName = Release;
		};
		F3C9FEBB1D2E709A004BF32E /* Build configuration list for PBXNativeTarget "BuDeJie" */ = {
			isa = XCConfigurationList;
			buildConfigurations = (
				F3C9FEBC1D2E709A004BF32E /* Debug */,
				F3C9FEBD1D2E709A004BF32E /* Release */,
			);
			defaultConfigurationIsVisible = 0;
			defaultConfigurationName = Release;
		};
/* End XCConfigurationList section */
	};
	rootObject = F3C9FE9C1D2E709A004BF32E /* Project object */;
}
