// !$*UTF8*$!
{
	archiveVersion = 1;
	classes = {
	};
	objectVersion = 46;
	objects = {

/* Begin PBXBuildFile section */
		A3DEE0E84C4FDD2EA50C24A0 /* libPods-BuDeJie.a in Frameworks */ = {isa = PBXBuildFile; fileRef = C2493B358F91B6D27657FDF1 /* libPods-BuDeJie.a */; };
		F30C10A61D37D21200D79EE1 /* JKAllTVC.m in Sources */ = {isa = PBXBuildFile; fileRef = F30C10A51D37D21200D79EE1 /* JKAllTVC.m */; };
		F30C10A91D37D23800D79EE1 /* JKVideoTVC.m in Sources */ = {isa = PBXBuildFile; fileRef = F30C10A81D37D23800D79EE1 /* JKVideoTVC.m */; };
		F30C10AC1D37D25E00D79EE1 /* JKVoiceTVC.m in Sources */ = {isa = PBXBuildFile; fileRef = F30C10AB1D37D25E00D79EE1 /* JKVoiceTVC.m */; };
		F30C10AF1D37D28000D79EE1 /* JKImageTVC.m in Sources */ = {isa = PBXBuildFile; fileRef = F30C10AE1D37D28000D79EE1 /* JKImageTVC.m */; };
		F30C10B21D37D2A400D79EE1 /* JKWordTVC.m in Sources */ = {isa = PBXBuildFile; fileRef = F30C10B11D37D2A400D79EE1 /* JKWordTVC.m */; };
		F30C10DD1D39158800D79EE1 /* JKTitleButton.m in Sources */ = {isa = PBXBuildFile; fileRef = F30C10DC1D39158800D79EE1 /* JKTitleButton.m */; };
		F30C10E01D3A1B8200D79EE1 /* JKTopicItem.m in Sources */ = {isa = PBXBuildFile; fileRef = F30C10DF1D3A1B8200D79EE1 /* JKTopicItem.m */; };
		F319130B1D3CEF4200A2295F /* JKConstant.m in Sources */ = {isa = PBXBuildFile; fileRef = F319130A1D3CEF4200A2295F /* JKConstant.m */; };
		F31913141D3D0F5C00A2295F /* JKTopicCell.m in Sources */ = {isa = PBXBuildFile; fileRef = F31913131D3D0F5C00A2295F /* JKTopicCell.m */; };
		F31913281D3D28D100A2295F /* JKTopicCell.xib in Resources */ = {isa = PBXBuildFile; fileRef = F31913271D3D28D100A2295F /* JKTopicCell.xib */; };
		F3239EC51D30A11C00F92A01 /* UIBarButtonItem+JKItem.m in Sources */ = {isa = PBXBuildFile; fileRef = F3239EC41D30A11C00F92A01 /* UIBarButtonItem+JKItem.m */; };
		F3239ECB1D30D8D000F92A01 /* JKNavigationController.m in Sources */ = {isa = PBXBuildFile; fileRef = F3239ECA1D30D8D000F92A01 /* JKNavigationController.m */; };
		F3239ED21D30DA1E00F92A01 /* JKSettingTVC.m in Sources */ = {isa = PBXBuildFile; fileRef = F3239ED11D30DA1E00F92A01 /* JKSettingTVC.m */; };
		F3239EDA1D30EFC000F92A01 /* JKAdVC.m in Sources */ = {isa = PBXBuildFile; fileRef = F3239ED81D30EFC000F92A01 /* JKAdVC.m */; };
		F3239EDB1D30EFC000F92A01 /* JKAdVC.xib in Resources */ = {isa = PBXBuildFile; fileRef = F3239ED91D30EFC000F92A01 /* JKAdVC.xib */; };
		F3239EE41D30F30E00F92A01 /* LaunchImage-568h@2x.png in Resources */ = {isa = PBXBuildFile; fileRef = F3239EDD1D30F30E00F92A01 /* LaunchImage-568h@2x.png */; };
		F3239EE51D30F30E00F92A01 /* LaunchImage-700-568h@2x.png in Resources */ = {isa = PBXBuildFile; fileRef = F3239EDE1D30F30E00F92A01 /* LaunchImage-700-568h@2x.png */; };
		F3239EE61D30F30E00F92A01 /* LaunchImage-700@2x.png in Resources */ = {isa = PBXBuildFile; fileRef = F3239EDF1D30F30E00F92A01 /* LaunchImage-700@2x.png */; };
		F3239EE71D30F30E00F92A01 /* LaunchImage-800-667h@2x.png in Resources */ = {isa = PBXBuildFile; fileRef = F3239EE01D30F30E00F92A01 /* LaunchImage-800-667h@2x.png */; };
		F3239EE81D30F30E00F92A01 /* LaunchImage-800-Portrait-736h@3x.png in Resources */ = {isa = PBXBuildFile; fileRef = F3239EE11D30F30E00F92A01 /* LaunchImage-800-Portrait-736h@3x.png */; };
		F3239EE91D30F30E00F92A01 /* LaunchImage.png in Resources */ = {isa = PBXBuildFile; fileRef = F3239EE21D30F30E00F92A01 /* LaunchImage.png */; };
		F3239EEA1D30F30E00F92A01 /* LaunchImage@2x.png in Resources */ = {isa = PBXBuildFile; fileRef = F3239EE31D30F30E00F92A01 /* LaunchImage@2x.png */; };
		F342522C1D2F8CE300355741 /* JKTabBar.m in Sources */ = {isa = PBXBuildFile; fileRef = F342522B1D2F8CE300355741 /* JKTabBar.m */; };
		F342522F1D2FCD3800355741 /* UIView+JKFrame.m in Sources */ = {isa = PBXBuildFile; fileRef = F342522E1D2FCD3800355741 /* UIView+JKFrame.m */; };
		F359D9161D3E46A4001146C5 /* JKMiddleVoiceView.m in Sources */ = {isa = PBXBuildFile; fileRef = F359D9151D3E46A4001146C5 /* JKMiddleVoiceView.m */; };
		F359D9181D3E46D4001146C5 /* JKMiddleVoiceView.xib in Resources */ = {isa = PBXBuildFile; fileRef = F359D9171D3E46D4001146C5 /* JKMiddleVoiceView.xib */; };
		F3BEBAC21D35142A005405B9 /* JKADItem.m in Sources */ = {isa = PBXBuildFile; fileRef = F3BEBAC11D35142A005405B9 /* JKADItem.m */; };
		F3BEBAC51D351F4D005405B9 /* JKSubTagTVC.m in Sources */ = {isa = PBXBuildFile; fileRef = F3BEBAC41D351F4D005405B9 /* JKSubTagTVC.m */; };
		F3BEBAC81D35238D005405B9 /* JKSubTagItem.m in Sources */ = {isa = PBXBuildFile; fileRef = F3BEBAC71D35238D005405B9 /* JKSubTagItem.m */; };
		F3BEBACC1D3523CB005405B9 /* JKSubTagCell.m in Sources */ = {isa = PBXBuildFile; fileRef = F3BEBACA1D3523CB005405B9 /* JKSubTagCell.m */; };
		F3BEBACD1D3523CB005405B9 /* JKSubTagCell.xib in Resources */ = {isa = PBXBuildFile; fileRef = F3BEBACB1D3523CB005405B9 /* JKSubTagCell.xib */; };
		F3BEBAD11D35E3C0005405B9 /* JKLoginVC.m in Sources */ = {isa = PBXBuildFile; fileRef = F3BEBACF1D35E3C0005405B9 /* JKLoginVC.m */; };
		F3BEBAD21D35E3C0005405B9 /* JKLoginVC.xib in Resources */ = {isa = PBXBuildFile; fileRef = F3BEBAD01D35E3C0005405B9 /* JKLoginVC.xib */; };
		F3BEBAD41D35E600005405B9 /* JKFriendTrendVC.xib in Resources */ = {isa = PBXBuildFile; fileRef = F3BEBAD31D35E600005405B9 /* JKFriendTrendVC.xib */; };
		F3BEBADC1D35F35E005405B9 /* JKLoginRegisterView.m in Sources */ = {isa = PBXBuildFile; fileRef = F3BEBADB1D35F35E005405B9 /* JKLoginRegisterView.m */; };
		F3BEBADE1D35F36B005405B9 /* JKLoginRegisterView.xib in Resources */ = {isa = PBXBuildFile; fileRef = F3BEBADD1D35F36B005405B9 /* JKLoginRegisterView.xib */; };
		F3BEBAE41D3631E6005405B9 /* JKLoginTextField.m in Sources */ = {isa = PBXBuildFile; fileRef = F3BEBAE31D3631E6005405B9 /* JKLoginTextField.m */; };
		F3BEBAEA1D363355005405B9 /* JKFastLoginView.m in Sources */ = {isa = PBXBuildFile; fileRef = F3BEBAE91D363355005405B9 /* JKFastLoginView.m */; };
		F3BEBAEC1D363361005405B9 /* JKFastLoginView.xib in Resources */ = {isa = PBXBuildFile; fileRef = F3BEBAEB1D363361005405B9 /* JKFastLoginView.xib */; };
		F3BEBAF21D3640BD005405B9 /* JKThirdLoginBtn.m in Sources */ = {isa = PBXBuildFile; fileRef = F3BEBAF11D3640BD005405B9 /* JKThirdLoginBtn.m */; };
		F3BEBAF61D365180005405B9 /* JKMeTVC.storyboard in Resources */ = {isa = PBXBuildFile; fileRef = F3BEBAF51D365180005405B9 /* JKMeTVC.storyboard */; };
		F3BEBAF91D365A91005405B9 /* JKSquareItem.m in Sources */ = {isa = PBXBuildFile; fileRef = F3BEBAF81D365A91005405B9 /* JKSquareItem.m */; };
		F3BEBB021D367290005405B9 /* JKSquareCell.m in Sources */ = {isa = PBXBuildFile; fileRef = F3BEBB001D367290005405B9 /* JKSquareCell.m */; };
		F3BEBB031D367290005405B9 /* JKSquareCell.xib in Resources */ = {isa = PBXBuildFile; fileRef = F3BEBB011D367290005405B9 /* JKSquareCell.xib */; };
		F3C9FEA91D2E709A004BF32E /* main.m in Sources */ = {isa = PBXBuildFile; fileRef = F3C9FEA81D2E709A004BF32E /* main.m */; };
		F3C9FEAC1D2E709A004BF32E /* AppDelegate.m in Sources */ = {isa = PBXBuildFile; fileRef = F3C9FEAB1D2E709A004BF32E /* AppDelegate.m */; };
		F3C9FEB41D2E709A004BF32E /* Assets.xcassets in Resources */ = {isa = PBXBuildFile; fileRef = F3C9FEB31D2E709A004BF32E /* Assets.xcassets */; };
		F3C9FEDA1D2E806A004BF32E /* JKTabBarC.m in Sources */ = {isa = PBXBuildFile; fileRef = F3C9FED91D2E806A004BF32E /* JKTabBarC.m */; };
		F3C9FEDD1D2E80E1004BF32E /* JKHomeVC.m in Sources */ = {isa = PBXBuildFile; fileRef = F3C9FEDC1D2E80E1004BF32E /* JKHomeVC.m */; };
		F3C9FEE01D2E8107004BF32E /* JKNewVC.m in Sources */ = {isa = PBXBuildFile; fileRef = F3C9FEDF1D2E8107004BF32E /* JKNewVC.m */; };
		F3C9FEE31D2E813C004BF32E /* JKPublishVC.m in Sources */ = {isa = PBXBuildFile; fileRef = F3C9FEE21D2E813C004BF32E /* JKPublishVC.m */; };
		F3C9FEE61D2E8174004BF32E /* JKFriendTrendVC.m in Sources */ = {isa = PBXBuildFile; fileRef = F3C9FEE51D2E8174004BF32E /* JKFriendTrendVC.m */; };
		F3C9FEE91D2E818A004BF32E /* JKMeTVC.m in Sources */ = {isa = PBXBuildFile; fileRef = F3C9FEE81D2E818A004BF32E /* JKMeTVC.m */; };
		F3C9FEF31D2E8F31004BF32E /* UIImage+JKRendering.m in Sources */ = {isa = PBXBuildFile; fileRef = F3C9FEF21D2E8F31004BF32E /* UIImage+JKRendering.m */; };
/* End PBXBuildFile section */

/* Begin PBXFileReference section */
		BCDAC0F33AE5C5BA75B0DFC6 /* Pods-BuDeJie.release.xcconfig */ = {isa = PBXFileReference; includeInIndex = 1; lastKnownFileType = text.xcconfig; name = "Pods-BuDeJie.release.xcconfig"; path = "Pods/Target Support Files/Pods-BuDeJie/Pods-BuDeJie.release.xcconfig"; sourceTree = "<group>"; };
		C2493B358F91B6D27657FDF1 /* libPods-BuDeJie.a */ = {isa = PBXFileReference; explicitFileType = archive.ar; includeInIndex = 0; path = "libPods-BuDeJie.a"; sourceTree = BUILT_PRODUCTS_DIR; };
		CE3AF2C526D702F346E8E541 /* Pods-BuDeJie.debug.xcconfig */ = {isa = PBXFileReference; includeInIndex = 1; lastKnownFileType = text.xcconfig; name = "Pods-BuDeJie.debug.xcconfig"; path = "Pods/Target Support Files/Pods-BuDeJie/Pods-BuDeJie.debug.xcconfig"; sourceTree = "<group>"; };
		F30C10A41D37D21200D79EE1 /* JKAllTVC.h */ = {isa = PBXFileReference; fileEncoding = 4; lastKnownFileType = sourcecode.c.h; path = JKAllTVC.h; sourceTree = "<group>"; };
		F30C10A51D37D21200D79EE1 /* JKAllTVC.m */ = {isa = PBXFileReference; fileEncoding = 4; lastKnownFileType = sourcecode.c.objc; path = JKAllTVC.m; sourceTree = "<group>"; };
		F30C10A71D37D23800D79EE1 /* JKVideoTVC.h */ = {isa = PBXFileReference; fileEncoding = 4; lastKnownFileType = sourcecode.c.h; path = JKVideoTVC.h; sourceTree = "<group>"; };
		F30C10A81D37D23800D79EE1 /* JKVideoTVC.m */ = {isa = PBXFileReference; fileEncoding = 4; lastKnownFileType = sourcecode.c.objc; path = JKVideoTVC.m; sourceTree = "<group>"; };
		F30C10AA1D37D25E00D79EE1 /* JKVoiceTVC.h */ = {isa = PBXFileReference; fileEncoding = 4; lastKnownFileType = sourcecode.c.h; path = JKVoiceTVC.h; sourceTree = "<group>"; };
		F30C10AB1D37D25E00D79EE1 /* JKVoiceTVC.m */ = {isa = PBXFileReference; fileEncoding = 4; lastKnownFileType = sourcecode.c.objc; path = JKVoiceTVC.m; sourceTree = "<group>"; };
		F30C10AD1D37D28000D79EE1 /* JKImageTVC.h */ = {isa = PBXFileReference; fileEncoding = 4; lastKnownFileType = sourcecode.c.h; path = JKImageTVC.h; sourceTree = "<group>"; };
		F30C10AE1D37D28000D79EE1 /* JKImageTVC.m */ = {isa = PBXFileReference; fileEncoding = 4; lastKnownFileType = sourcecode.c.objc; path = JKImageTVC.m; sourceTree = "<group>"; };
		F30C10B01D37D2A400D79EE1 /* JKWordTVC.h */ = {isa = PBXFileReference; fileEncoding = 4; lastKnownFileType = sourcecode.c.h; path = JKWordTVC.h; sourceTree = "<group>"; };
		F30C10B11D37D2A400D79EE1 /* JKWordTVC.m */ = {isa = PBXFileReference; fileEncoding = 4; lastKnownFileType = sourcecode.c.objc; path = JKWordTVC.m; sourceTree = "<group>"; };
		F30C10DB1D39158800D79EE1 /* JKTitleButton.h */ = {isa = PBXFileReference; fileEncoding = 4; lastKnownFileType = sourcecode.c.h; path = JKTitleButton.h; sourceTree = "<group>"; };
		F30C10DC1D39158800D79EE1 /* JKTitleButton.m */ = {isa = PBXFileReference; fileEncoding = 4; lastKnownFileType = sourcecode.c.objc; path = JKTitleButton.m; sourceTree = "<group>"; };
		F30C10DE1D3A1B8200D79EE1 /* JKTopicItem.h */ = {isa = PBXFileReference; fileEncoding = 4; lastKnownFileType = sourcecode.c.h; path = JKTopicItem.h; sourceTree = "<group>"; };
		F30C10DF1D3A1B8200D79EE1 /* JKTopicItem.m */ = {isa = PBXFileReference; fileEncoding = 4; lastKnownFileType = sourcecode.c.objc; path = JKTopicItem.m; sourceTree = "<group>"; };
		F31913091D3CEF4200A2295F /* JKConstant.h */ = {isa = PBXFileReference; fileEncoding = 4; lastKnownFileType = sourcecode.c.h; path = JKConstant.h; sourceTree = "<group>"; };
		F319130A1D3CEF4200A2295F /* JKConstant.m */ = {isa = PBXFileReference; fileEncoding = 4; lastKnownFileType = sourcecode.c.objc; path = JKConstant.m; sourceTree = "<group>"; };
		F31913121D3D0F5C00A2295F /* JKTopicCell.h */ = {isa = PBXFileReference; fileEncoding = 4; lastKnownFileType = sourcecode.c.h; path = JKTopicCell.h; sourceTree = "<group>"; };
		F31913131D3D0F5C00A2295F /* JKTopicCell.m */ = {isa = PBXFileReference; fileEncoding = 4; lastKnownFileType = sourcecode.c.objc; path = JKTopicCell.m; sourceTree = "<group>"; };
		F31913271D3D28D100A2295F /* JKTopicCell.xib */ = {isa = PBXFileReference; fileEncoding = 4; lastKnownFileType = file.xib; path = JKTopicCell.xib; sourceTree = "<group>"; };
		F3239EC31D30A11C00F92A01 /* UIBarButtonItem+JKItem.h */ = {isa = PBXFileReference; fileEncoding = 4; lastKnownFileType = sourcecode.c.h; path = "UIBarButtonItem+JKItem.h"; sourceTree = "<group>"; };
		F3239EC41D30A11C00F92A01 /* UIBarButtonItem+JKItem.m */ = {isa = PBXFileReference; fileEncoding = 4; lastKnownFileType = sourcecode.c.objc; path = "UIBarButtonItem+JKItem.m"; sourceTree = "<group>"; };
		F3239EC91D30D8D000F92A01 /* JKNavigationController.h */ = {isa = PBXFileReference; fileEncoding = 4; lastKnownFileType = sourcecode.c.h; path = JKNavigationController.h; sourceTree = "<group>"; };
		F3239ECA1D30D8D000F92A01 /* JKNavigationController.m */ = {isa = PBXFileReference; fileEncoding = 4; lastKnownFileType = sourcecode.c.objc; path = JKNavigationController.m; sourceTree = "<group>"; };
		F3239ED01D30DA1E00F92A01 /* JKSettingTVC.h */ = {isa = PBXFileReference; fileEncoding = 4; lastKnownFileType = sourcecode.c.h; path = JKSettingTVC.h; sourceTree = "<group>"; };
		F3239ED11D30DA1E00F92A01 /* JKSettingTVC.m */ = {isa = PBXFileReference; fileEncoding = 4; lastKnownFileType = sourcecode.c.objc; path = JKSettingTVC.m; sourceTree = "<group>"; };
		F3239ED71D30EFC000F92A01 /* JKAdVC.h */ = {isa = PBXFileReference; fileEncoding = 4; lastKnownFileType = sourcecode.c.h; path = JKAdVC.h; sourceTree = "<group>"; };
		F3239ED81D30EFC000F92A01 /* JKAdVC.m */ = {isa = PBXFileReference; fileEncoding = 4; lastKnownFileType = sourcecode.c.objc; path = JKAdVC.m; sourceTree = "<group>"; };
		F3239ED91D30EFC000F92A01 /* JKAdVC.xib */ = {isa = PBXFileReference; fileEncoding = 4; lastKnownFileType = file.xib; path = JKAdVC.xib; sourceTree = "<group>"; };
		F3239EDD1D30F30E00F92A01 /* LaunchImage-568h@2x.png */ = {isa = PBXFileReference; lastKnownFileType = image.png; path = "LaunchImage-568h@2x.png"; sourceTree = "<group>"; };
		F3239EDE1D30F30E00F92A01 /* LaunchImage-700-568h@2x.png */ = {isa = PBXFileReference; lastKnownFileType = image.png; path = "LaunchImage-700-568h@2x.png"; sourceTree = "<group>"; };
		F3239EDF1D30F30E00F92A01 /* LaunchImage-700@2x.png */ = {isa = PBXFileReference; lastKnownFileType = image.png; path = "LaunchImage-700@2x.png"; sourceTree = "<group>"; };
		F3239EE01D30F30E00F92A01 /* LaunchImage-800-667h@2x.png */ = {isa = PBXFileReference; lastKnownFileType = image.png; path = "LaunchImage-800-667h@2x.png"; sourceTree = "<group>"; };
		F3239EE11D30F30E00F92A01 /* LaunchImage-800-Portrait-736h@3x.png */ = {isa = PBXFileReference; lastKnownFileType = image.png; path = "LaunchImage-800-Portrait-736h@3x.png"; sourceTree = "<group>"; };
		F3239EE21D30F30E00F92A01 /* LaunchImage.png */ = {isa = PBXFileReference; lastKnownFileType = image.png; path = LaunchImage.png; sourceTree = "<group>"; };
		F3239EE31D30F30E00F92A01 /* LaunchImage@2x.png */ = {isa = PBXFileReference; lastKnownFileType = image.png; path = "LaunchImage@2x.png"; sourceTree = "<group>"; };
		F342522A1D2F8CE300355741 /* JKTabBar.h */ = {isa = PBXFileReference; fileEncoding = 4; lastKnownFileType = sourcecode.c.h; path = JKTabBar.h; sourceTree = "<group>"; };
		F342522B1D2F8CE300355741 /* JKTabBar.m */ = {isa = PBXFileReference; fileEncoding = 4; lastKnownFileType = sourcecode.c.objc; path = JKTabBar.m; sourceTree = "<group>"; };
		F342522D1D2FCD3800355741 /* UIView+JKFrame.h */ = {isa = PBXFileReference; fileEncoding = 4; lastKnownFileType = sourcecode.c.h; path = "UIView+JKFrame.h"; sourceTree = "<group>"; };
		F342522E1D2FCD3800355741 /* UIView+JKFrame.m */ = {isa = PBXFileReference; fileEncoding = 4; lastKnownFileType = sourcecode.c.objc; path = "UIView+JKFrame.m"; sourceTree = "<group>"; };
		F34252311D2FCF9000355741 /* BuDeJie.pch */ = {isa = PBXFileReference; fileEncoding = 4; lastKnownFileType = sourcecode.c.h; path = BuDeJie.pch; sourceTree = "<group>"; };
		F359D9141D3E46A4001146C5 /* JKMiddleVoiceView.h */ = {isa = PBXFileReference; fileEncoding = 4; lastKnownFileType = sourcecode.c.h; path = JKMiddleVoiceView.h; sourceTree = "<group>"; };
		F359D9151D3E46A4001146C5 /* JKMiddleVoiceView.m */ = {isa = PBXFileReference; fileEncoding = 4; lastKnownFileType = sourcecode.c.objc; path = JKMiddleVoiceView.m; sourceTree = "<group>"; };
		F359D9171D3E46D4001146C5 /* JKMiddleVoiceView.xib */ = {isa = PBXFileReference; fileEncoding = 4; lastKnownFileType = file.xib; path = JKMiddleVoiceView.xib; sourceTree = "<group>"; };
		F3BEBAC01D35142A005405B9 /* JKADItem.h */ = {isa = PBXFileReference; fileEncoding = 4; lastKnownFileType = sourcecode.c.h; path = JKADItem.h; sourceTree = "<group>"; };
		F3BEBAC11D35142A005405B9 /* JKADItem.m */ = {isa = PBXFileReference; fileEncoding = 4; lastKnownFileType = sourcecode.c.objc; path = JKADItem.m; sourceTree = "<group>"; };
		F3BEBAC31D351F4D005405B9 /* JKSubTagTVC.h */ = {isa = PBXFileReference; fileEncoding = 4; lastKnownFileType = sourcecode.c.h; path = JKSubTagTVC.h; sourceTree = "<group>"; };
		F3BEBAC41D351F4D005405B9 /* JKSubTagTVC.m */ = {isa = PBXFileReference; fileEncoding = 4; lastKnownFileType = sourcecode.c.objc; path = JKSubTagTVC.m; sourceTree = "<group>"; };
		F3BEBAC61D35238D005405B9 /* JKSubTagItem.h */ = {isa = PBXFileReference; fileEncoding = 4; lastKnownFileType = sourcecode.c.h; path = JKSubTagItem.h; sourceTree = "<group>"; };
		F3BEBAC71D35238D005405B9 /* JKSubTagItem.m */ = {isa = PBXFileReference; fileEncoding = 4; lastKnownFileType = sourcecode.c.objc; path = JKSubTagItem.m; sourceTree = "<group>"; };
		F3BEBAC91D3523CB005405B9 /* JKSubTagCell.h */ = {isa = PBXFileReference; fileEncoding = 4; lastKnownFileType = sourcecode.c.h; path = JKSubTagCell.h; sourceTree = "<group>"; };
		F3BEBACA1D3523CB005405B9 /* JKSubTagCell.m */ = {isa = PBXFileReference; fileEncoding = 4; lastKnownFileType = sourcecode.c.objc; path = JKSubTagCell.m; sourceTree = "<group>"; };
		F3BEBACB1D3523CB005405B9 /* JKSubTagCell.xib */ = {isa = PBXFileReference; fileEncoding = 4; lastKnownFileType = file.xib; path = JKSubTagCell.xib; sourceTree = "<group>"; };
		F3BEBACE1D35E3C0005405B9 /* JKLoginVC.h */ = {isa = PBXFileReference; fileEncoding = 4; lastKnownFileType = sourcecode.c.h; path = JKLoginVC.h; sourceTree = "<group>"; };
		F3BEBACF1D35E3C0005405B9 /* JKLoginVC.m */ = {isa = PBXFileReference; fileEncoding = 4; lastKnownFileType = sourcecode.c.objc; path = JKLoginVC.m; sourceTree = "<group>"; };
		F3BEBAD01D35E3C0005405B9 /* JKLoginVC.xib */ = {isa = PBXFileReference; fileEncoding = 4; lastKnownFileType = file.xib; path = JKLoginVC.xib; sourceTree = "<group>"; };
		F3BEBAD31D35E600005405B9 /* JKFriendTrendVC.xib */ = {isa = PBXFileReference; fileEncoding = 4; lastKnownFileType = file.xib; path = JKFriendTrendVC.xib; sourceTree = "<group>"; };
		F3BEBADA1D35F35E005405B9 /* JKLoginRegisterView.h */ = {isa = PBXFileReference; fileEncoding = 4; lastKnownFileType = sourcecode.c.h; path = JKLoginRegisterView.h; sourceTree = "<group>"; };
		F3BEBADB1D35F35E005405B9 /* JKLoginRegisterView.m */ = {isa = PBXFileReference; fileEncoding = 4; lastKnownFileType = sourcecode.c.objc; path = JKLoginRegisterView.m; sourceTree = "<group>"; };
		F3BEBADD1D35F36B005405B9 /* JKLoginRegisterView.xib */ = {isa = PBXFileReference; fileEncoding = 4; lastKnownFileType = file.xib; path = JKLoginRegisterView.xib; sourceTree = "<group>"; };
		F3BEBAE21D3631E6005405B9 /* JKLoginTextField.h */ = {isa = PBXFileReference; fileEncoding = 4; lastKnownFileType = sourcecode.c.h; path = JKLoginTextField.h; sourceTree = "<group>"; };
		F3BEBAE31D3631E6005405B9 /* JKLoginTextField.m */ = {isa = PBXFileReference; fileEncoding = 4; lastKnownFileType = sourcecode.c.objc; path = JKLoginTextField.m; sourceTree = "<group>"; };
		F3BEBAE81D363355005405B9 /* JKFastLoginView.h */ = {isa = PBXFileReference; fileEncoding = 4; lastKnownFileType = sourcecode.c.h; path = JKFastLoginView.h; sourceTree = "<group>"; };
		F3BEBAE91D363355005405B9 /* JKFastLoginView.m */ = {isa = PBXFileReference; fileEncoding = 4; lastKnownFileType = sourcecode.c.objc; path = JKFastLoginView.m; sourceTree = "<group>"; };
		F3BEBAEB1D363361005405B9 /* JKFastLoginView.xib */ = {isa = PBXFileReference; fileEncoding = 4; lastKnownFileType = file.xib; path = JKFastLoginView.xib; sourceTree = "<group>"; };
		F3BEBAF01D3640BD005405B9 /* JKThirdLoginBtn.h */ = {isa = PBXFileReference; fileEncoding = 4; lastKnownFileType = sourcecode.c.h; path = JKThirdLoginBtn.h; sourceTree = "<group>"; };
		F3BEBAF11D3640BD005405B9 /* JKThirdLoginBtn.m */ = {isa = PBXFileReference; fileEncoding = 4; lastKnownFileType = sourcecode.c.objc; path = JKThirdLoginBtn.m; sourceTree = "<group>"; };
		F3BEBAF51D365180005405B9 /* JKMeTVC.storyboard */ = {isa = PBXFileReference; fileEncoding = 4; lastKnownFileType = file.storyboard; path = JKMeTVC.storyboard; sourceTree = "<group>"; };
		F3BEBAF71D365A91005405B9 /* JKSquareItem.h */ = {isa = PBXFileReference; fileEncoding = 4; lastKnownFileType = sourcecode.c.h; path = JKSquareItem.h; sourceTree = "<group>"; };
		F3BEBAF81D365A91005405B9 /* JKSquareItem.m */ = {isa = PBXFileReference; fileEncoding = 4; lastKnownFileType = sourcecode.c.objc; path = JKSquareItem.m; sourceTree = "<group>"; };
		F3BEBAFF1D367290005405B9 /* JKSquareCell.h */ = {isa = PBXFileReference; fileEncoding = 4; lastKnownFileType = sourcecode.c.h; path = JKSquareCell.h; sourceTree = "<group>"; };
		F3BEBB001D367290005405B9 /* JKSquareCell.m */ = {isa = PBXFileReference; fileEncoding = 4; lastKnownFileType = sourcecode.c.objc; path = JKSquareCell.m; sourceTree = "<group>"; };
		F3BEBB011D367290005405B9 /* JKSquareCell.xib */ = {isa = PBXFileReference; fileEncoding = 4; lastKnownFileType = file.xib; path = JKSquareCell.xib; sourceTree = "<group>"; };
		F3C9FEA41D2E709A004BF32E /* BuDeJie.app */ = {isa = PBXFileReference; explicitFileType = wrapper.application; includeInIndex = 0; path = BuDeJie.app; sourceTree = BUILT_PRODUCTS_DIR; };
		F3C9FEA81D2E709A004BF32E /* main.m */ = {isa = PBXFileReference; lastKnownFileType = sourcecode.c.objc; path = main.m; sourceTree = "<group>"; };
		F3C9FEAA1D2E709A004BF32E /* AppDelegate.h */ = {isa = PBXFileReference; lastKnownFileType = sourcecode.c.h; name = AppDelegate.h; path = ../../AppDelegate.h; sourceTree = "<group>"; };
		F3C9FEAB1D2E709A004BF32E /* AppDelegate.m */ = {isa = PBXFileReference; lastKnownFileType = sourcecode.c.objc; name = AppDelegate.m; path = ../../AppDelegate.m; sourceTree = "<group>"; };
		F3C9FEB31D2E709A004BF32E /* Assets.xcassets */ = {isa = PBXFileReference; lastKnownFileType = folder.assetcatalog; path = Assets.xcassets; sourceTree = "<group>"; };
		F3C9FEB81D2E709A004BF32E /* Info.plist */ = {isa = PBXFileReference; lastKnownFileType = text.plist.xml; name = Info.plist; path = ../../Info.plist; sourceTree = "<group>"; };
		F3C9FED81D2E806A004BF32E /* JKTabBarC.h */ = {isa = PBXFileReference; fileEncoding = 4; lastKnownFileType = sourcecode.c.h; path = JKTabBarC.h; sourceTree = "<group>"; };
		F3C9FED91D2E806A004BF32E /* JKTabBarC.m */ = {isa = PBXFileReference; fileEncoding = 4; lastKnownFileType = sourcecode.c.objc; path = JKTabBarC.m; sourceTree = "<group>"; };
		F3C9FEDB1D2E80E1004BF32E /* JKHomeVC.h */ = {isa = PBXFileReference; fileEncoding = 4; lastKnownFileType = sourcecode.c.h; path = JKHomeVC.h; sourceTree = "<group>"; };
		F3C9FEDC1D2E80E1004BF32E /* JKHomeVC.m */ = {isa = PBXFileReference; fileEncoding = 4; lastKnownFileType = sourcecode.c.objc; path = JKHomeVC.m; sourceTree = "<group>"; };
		F3C9FEDE1D2E8107004BF32E /* JKNewVC.h */ = {isa = PBXFileReference; fileEncoding = 4; lastKnownFileType = sourcecode.c.h; path = JKNewVC.h; sourceTree = "<group>"; };
		F3C9FEDF1D2E8107004BF32E /* JKNewVC.m */ = {isa = PBXFileReference; fileEncoding = 4; lastKnownFileType = sourcecode.c.objc; path = JKNewVC.m; sourceTree = "<group>"; };
		F3C9FEE11D2E813C004BF32E /* JKPublishVC.h */ = {isa = PBXFileReference; fileEncoding = 4; lastKnownFileType = sourcecode.c.h; path = JKPublishVC.h; sourceTree = "<group>"; };
		F3C9FEE21D2E813C004BF32E /* JKPublishVC.m */ = {isa = PBXFileReference; fileEncoding = 4; lastKnownFileType = sourcecode.c.objc; path = JKPublishVC.m; sourceTree = "<group>"; };
		F3C9FEE41D2E8174004BF32E /* JKFriendTrendVC.h */ = {isa = PBXFileReference; fileEncoding = 4; lastKnownFileType = sourcecode.c.h; path = JKFriendTrendVC.h; sourceTree = "<group>"; };
		F3C9FEE51D2E8174004BF32E /* JKFriendTrendVC.m */ = {isa = PBXFileReference; fileEncoding = 4; lastKnownFileType = sourcecode.c.objc; path = JKFriendTrendVC.m; sourceTree = "<group>"; };
		F3C9FEE71D2E818A004BF32E /* JKMeTVC.h */ = {isa = PBXFileReference; fileEncoding = 4; lastKnownFileType = sourcecode.c.h; path = JKMeTVC.h; sourceTree = "<group>"; };
		F3C9FEE81D2E818A004BF32E /* JKMeTVC.m */ = {isa = PBXFileReference; fileEncoding = 4; lastKnownFileType = sourcecode.c.objc; path = JKMeTVC.m; sourceTree = "<group>"; };
		F3C9FEF11D2E8F31004BF32E /* UIImage+JKRendering.h */ = {isa = PBXFileReference; fileEncoding = 4; lastKnownFileType = sourcecode.c.h; path = "UIImage+JKRendering.h"; sourceTree = "<group>"; };
		F3C9FEF21D2E8F31004BF32E /* UIImage+JKRendering.m */ = {isa = PBXFileReference; fileEncoding = 4; lastKnownFileType = sourcecode.c.objc; path = "UIImage+JKRendering.m"; sourceTree = "<group>"; };
/* End PBXFileReference section */

/* Begin PBXFrameworksBuildPhase section */
		F3C9FEA11D2E709A004BF32E /* Frameworks */ = {
			isa = PBXFrameworksBuildPhase;
			buildActionMask = 2147483647;
			files = (
				A3DEE0E84C4FDD2EA50C24A0 /* libPods-BuDeJie.a in Frameworks */,
			);
			runOnlyForDeploymentPostprocessing = 0;
		};
/* End PBXFrameworksBuildPhase section */

/* Begin PBXGroup section */
		0BBFA44AE798D92DE4B551B4 /* Frameworks */ = {
			isa = PBXGroup;
			children = (
				C2493B358F91B6D27657FDF1 /* libPods-BuDeJie.a */,
			);
			name = Frameworks;
			sourceTree = "<group>";
		};
		E1948166EA6784281CDE1699 /* Pods */ = {
			isa = PBXGroup;
			children = (
				CE3AF2C526D702F346E8E541 /* Pods-BuDeJie.debug.xcconfig */,
				BCDAC0F33AE5C5BA75B0DFC6 /* Pods-BuDeJie.release.xcconfig */,
			);
			name = Pods;
			sourceTree = "<group>";
		};
		F3239ECC1D30D9DC00F92A01 /* Setting */ = {
			isa = PBXGroup;
			children = (
				F3239ECD1D30D9DC00F92A01 /* Controller */,
				F3239ECE1D30D9DC00F92A01 /* Model */,
				F3239ECF1D30D9DC00F92A01 /* View */,
			);
			path = Setting;
			sourceTree = "<group>";
		};
		F3239ECD1D30D9DC00F92A01 /* Controller */ = {
			isa = PBXGroup;
			children = (
				F3239ED01D30DA1E00F92A01 /* JKSettingTVC.h */,
				F3239ED11D30DA1E00F92A01 /* JKSettingTVC.m */,
			);
			path = Controller;
			sourceTree = "<group>";
		};
		F3239ECE1D30D9DC00F92A01 /* Model */ = {
			isa = PBXGroup;
			children = (
			);
			path = Model;
			sourceTree = "<group>";
		};
		F3239ECF1D30D9DC00F92A01 /* View */ = {
			isa = PBXGroup;
			children = (
			);
			path = View;
			sourceTree = "<group>";
		};
		F3239ED31D30EF4E00F92A01 /* Ad */ = {
			isa = PBXGroup;
			children = (
				F3239ED41D30EF4E00F92A01 /* Controller */,
				F3239ED51D30EF4E00F92A01 /* Model */,
				F3239ED61D30EF4E00F92A01 /* View */,
			);
			path = Ad;
			sourceTree = "<group>";
		};
		F3239ED41D30EF4E00F92A01 /* Controller */ = {
			isa = PBXGroup;
			children = (
				F3239ED71D30EFC000F92A01 /* JKAdVC.h */,
				F3239ED81D30EFC000F92A01 /* JKAdVC.m */,
				F3239ED91D30EFC000F92A01 /* JKAdVC.xib */,
			);
			path = Controller;
			sourceTree = "<group>";
		};
		F3239ED51D30EF4E00F92A01 /* Model */ = {
			isa = PBXGroup;
			children = (
				F3BEBAC01D35142A005405B9 /* JKADItem.h */,
				F3BEBAC11D35142A005405B9 /* JKADItem.m */,
			);
			path = Model;
			sourceTree = "<group>";
		};
		F3239ED61D30EF4E00F92A01 /* View */ = {
			isa = PBXGroup;
			children = (
			);
			path = View;
			sourceTree = "<group>";
		};
		F3239EDC1D30F30E00F92A01 /* 启动图片 */ = {
			isa = PBXGroup;
			children = (
				F3239EDD1D30F30E00F92A01 /* LaunchImage-568h@2x.png */,
				F3239EDE1D30F30E00F92A01 /* LaunchImage-700-568h@2x.png */,
				F3239EDF1D30F30E00F92A01 /* LaunchImage-700@2x.png */,
				F3239EE01D30F30E00F92A01 /* LaunchImage-800-667h@2x.png */,
				F3239EE11D30F30E00F92A01 /* LaunchImage-800-Portrait-736h@3x.png */,
				F3239EE21D30F30E00F92A01 /* LaunchImage.png */,
				F3239EE31D30F30E00F92A01 /* LaunchImage@2x.png */,
			);
			path = "启动图片";
			sourceTree = "<group>";
		};
		F3C9FE9B1D2E709A004BF32E = {
			isa = PBXGroup;
			children = (
				F3C9FEA61D2E709A004BF32E /* BuDeJie */,
				F3C9FEA51D2E709A004BF32E /* Products */,
				E1948166EA6784281CDE1699 /* Pods */,
				0BBFA44AE798D92DE4B551B4 /* Frameworks */,
			);
			sourceTree = "<group>";
		};
		F3C9FEA51D2E709A004BF32E /* Products */ = {
			isa = PBXGroup;
			children = (
				F3C9FEA41D2E709A004BF32E /* BuDeJie.app */,
			);
			name = Products;
			sourceTree = "<group>";
		};
		F3C9FEA61D2E709A004BF32E /* BuDeJie */ = {
			isa = PBXGroup;
			children = (
				F3C9FEBE1D2E7CBD004BF32E /* Classes */,
				F3C9FEB31D2E709A004BF32E /* Assets.xcassets */,
				F3C9FEA71D2E709A004BF32E /* Supporting Files */,
			);
			path = BuDeJie;
			sourceTree = "<group>";
		};
		F3C9FEA71D2E709A004BF32E /* Supporting Files */ = {
			isa = PBXGroup;
			children = (
				F3239EDC1D30F30E00F92A01 /* 启动图片 */,
				F3C9FEA81D2E709A004BF32E /* main.m */,
			);
			name = "Supporting Files";
			sourceTree = "<group>";
		};
		F3C9FEBE1D2E7CBD004BF32E /* Classes */ = {
			isa = PBXGroup;
			children = (
				F3C9FEC71D2E7CBD004BF32E /* Main */,
				F3C9FEC31D2E7CBD004BF32E /* Home */,
				F3C9FECF1D2E7CBD004BF32E /* New */,
				F3C9FED31D2E7CBD004BF32E /* Publish */,
				F3C9FEBF1D2E7CBD004BF32E /* FriendTrend */,
				F3C9FECB1D2E7CBD004BF32E /* Me */,
				F3239ED31D30EF4E00F92A01 /* Ad */,
				F3239ECC1D30D9DC00F92A01 /* Setting */,
				F3C9FED71D2E7D3B004BF32E /* Others */,
			);
			path = Classes;
			sourceTree = "<group>";
		};
		F3C9FEBF1D2E7CBD004BF32E /* FriendTrend */ = {
			isa = PBXGroup;
			children = (
				F3C9FEC01D2E7CBD004BF32E /* Controller */,
				F3C9FEC11D2E7CBD004BF32E /* Model */,
				F3C9FEC21D2E7CBD004BF32E /* View */,
			);
			path = FriendTrend;
			sourceTree = "<group>";
		};
		F3C9FEC01D2E7CBD004BF32E /* Controller */ = {
			isa = PBXGroup;
			children = (
				F3C9FEE41D2E8174004BF32E /* JKFriendTrendVC.h */,
				F3C9FEE51D2E8174004BF32E /* JKFriendTrendVC.m */,
				F3BEBAD31D35E600005405B9 /* JKFriendTrendVC.xib */,
				F3BEBACE1D35E3C0005405B9 /* JKLoginVC.h */,
				F3BEBACF1D35E3C0005405B9 /* JKLoginVC.m */,
				F3BEBAD01D35E3C0005405B9 /* JKLoginVC.xib */,
			);
			path = Controller;
			sourceTree = "<group>";
		};
		F3C9FEC11D2E7CBD004BF32E /* Model */ = {
			isa = PBXGroup;
			children = (
			);
			path = Model;
			sourceTree = "<group>";
		};
		F3C9FEC21D2E7CBD004BF32E /* View */ = {
			isa = PBXGroup;
			children = (
				F3BEBADA1D35F35E005405B9 /* JKLoginRegisterView.h */,
				F3BEBADB1D35F35E005405B9 /* JKLoginRegisterView.m */,
				F3BEBADD1D35F36B005405B9 /* JKLoginRegisterView.xib */,
				F3BEBAE81D363355005405B9 /* JKFastLoginView.h */,
				F3BEBAE91D363355005405B9 /* JKFastLoginView.m */,
				F3BEBAEB1D363361005405B9 /* JKFastLoginView.xib */,
				F3BEBAF01D3640BD005405B9 /* JKThirdLoginBtn.h */,
				F3BEBAF11D3640BD005405B9 /* JKThirdLoginBtn.m */,
			);
			path = View;
			sourceTree = "<group>";
		};
		F3C9FEC31D2E7CBD004BF32E /* Home */ = {
			isa = PBXGroup;
			children = (
				F3C9FEC41D2E7CBD004BF32E /* Controller */,
				F3C9FEC51D2E7CBD004BF32E /* Model */,
				F3C9FEC61D2E7CBD004BF32E /* View */,
			);
			path = Home;
			sourceTree = "<group>";
		};
		F3C9FEC41D2E7CBD004BF32E /* Controller */ = {
			isa = PBXGroup;
			children = (
				F3C9FEDB1D2E80E1004BF32E /* JKHomeVC.h */,
				F3C9FEDC1D2E80E1004BF32E /* JKHomeVC.m */,
				F30C10A41D37D21200D79EE1 /* JKAllTVC.h */,
				F30C10A51D37D21200D79EE1 /* JKAllTVC.m */,
				F30C10A71D37D23800D79EE1 /* JKVideoTVC.h */,
				F30C10A81D37D23800D79EE1 /* JKVideoTVC.m */,
				F30C10AA1D37D25E00D79EE1 /* JKVoiceTVC.h */,
				F30C10AB1D37D25E00D79EE1 /* JKVoiceTVC.m */,
				F30C10AD1D37D28000D79EE1 /* JKImageTVC.h */,
				F30C10AE1D37D28000D79EE1 /* JKImageTVC.m */,
				F30C10B01D37D2A400D79EE1 /* JKWordTVC.h */,
				F30C10B11D37D2A400D79EE1 /* JKWordTVC.m */,
			);
			path = Controller;
			sourceTree = "<group>";
		};
		F3C9FEC51D2E7CBD004BF32E /* Model */ = {
			isa = PBXGroup;
			children = (
				F30C10DE1D3A1B8200D79EE1 /* JKTopicItem.h */,
				F30C10DF1D3A1B8200D79EE1 /* JKTopicItem.m */,
			);
			path = Model;
			sourceTree = "<group>";
		};
		F3C9FEC61D2E7CBD004BF32E /* View */ = {
			isa = PBXGroup;
			children = (
				F30C10DB1D39158800D79EE1 /* JKTitleButton.h */,
				F30C10DC1D39158800D79EE1 /* JKTitleButton.m */,
				F31913121D3D0F5C00A2295F /* JKTopicCell.h */,
				F31913131D3D0F5C00A2295F /* JKTopicCell.m */,
				F31913271D3D28D100A2295F /* JKTopicCell.xib */,
				F359D9141D3E46A4001146C5 /* JKMiddleVoiceView.h */,
				F359D9151D3E46A4001146C5 /* JKMiddleVoiceView.m */,
				F359D9171D3E46D4001146C5 /* JKMiddleVoiceView.xib */,
			);
			path = View;
			sourceTree = "<group>";
		};
		F3C9FEC71D2E7CBD004BF32E /* Main */ = {
			isa = PBXGroup;
			children = (
				F3C9FEC81D2E7CBD004BF32E /* Controller */,
				F3C9FEC91D2E7CBD004BF32E /* Model */,
				F3C9FECA1D2E7CBD004BF32E /* View */,
			);
			path = Main;
			sourceTree = "<group>";
		};
		F3C9FEC81D2E7CBD004BF32E /* Controller */ = {
			isa = PBXGroup;
			children = (
				F3C9FED81D2E806A004BF32E /* JKTabBarC.h */,
				F3C9FED91D2E806A004BF32E /* JKTabBarC.m */,
				F3239EC91D30D8D000F92A01 /* JKNavigationController.h */,
				F3239ECA1D30D8D000F92A01 /* JKNavigationController.m */,
			);
			path = Controller;
			sourceTree = "<group>";
		};
		F3C9FEC91D2E7CBD004BF32E /* Model */ = {
			isa = PBXGroup;
			children = (
			);
			path = Model;
			sourceTree = "<group>";
		};
		F3C9FECA1D2E7CBD004BF32E /* View */ = {
			isa = PBXGroup;
			children = (
				F342522A1D2F8CE300355741 /* JKTabBar.h */,
				F342522B1D2F8CE300355741 /* JKTabBar.m */,
			);
			path = View;
			sourceTree = "<group>";
		};
		F3C9FECB1D2E7CBD004BF32E /* Me */ = {
			isa = PBXGroup;
			children = (
				F3C9FECC1D2E7CBD004BF32E /* Controller */,
				F3C9FECD1D2E7CBD004BF32E /* Model */,
				F3C9FECE1D2E7CBD004BF32E /* View */,
			);
			path = Me;
			sourceTree = "<group>";
		};
		F3C9FECC1D2E7CBD004BF32E /* Controller */ = {
			isa = PBXGroup;
			children = (
				F3C9FEE71D2E818A004BF32E /* JKMeTVC.h */,
				F3C9FEE81D2E818A004BF32E /* JKMeTVC.m */,
				F3BEBAF51D365180005405B9 /* JKMeTVC.storyboard */,
			);
			path = Controller;
			sourceTree = "<group>";
		};
		F3C9FECD1D2E7CBD004BF32E /* Model */ = {
			isa = PBXGroup;
			children = (
				F3BEBAF71D365A91005405B9 /* JKSquareItem.h */,
				F3BEBAF81D365A91005405B9 /* JKSquareItem.m */,
			);
			path = Model;
			sourceTree = "<group>";
		};
		F3C9FECE1D2E7CBD004BF32E /* View */ = {
			isa = PBXGroup;
			children = (
				F3BEBAFF1D367290005405B9 /* JKSquareCell.h */,
				F3BEBB001D367290005405B9 /* JKSquareCell.m */,
				F3BEBB011D367290005405B9 /* JKSquareCell.xib */,
			);
			path = View;
			sourceTree = "<group>";
		};
		F3C9FECF1D2E7CBD004BF32E /* New */ = {
			isa = PBXGroup;
			children = (
				F3C9FED01D2E7CBD004BF32E /* Controller */,
				F3C9FED11D2E7CBD004BF32E /* Model */,
				F3C9FED21D2E7CBD004BF32E /* View */,
			);
			path = New;
			sourceTree = "<group>";
		};
		F3C9FED01D2E7CBD004BF32E /* Controller */ = {
			isa = PBXGroup;
			children = (
				F3C9FEDE1D2E8107004BF32E /* JKNewVC.h */,
				F3C9FEDF1D2E8107004BF32E /* JKNewVC.m */,
				F3BEBAC31D351F4D005405B9 /* JKSubTagTVC.h */,
				F3BEBAC41D351F4D005405B9 /* JKSubTagTVC.m */,
			);
			path = Controller;
			sourceTree = "<group>";
		};
		F3C9FED11D2E7CBD004BF32E /* Model */ = {
			isa = PBXGroup;
			children = (
				F3BEBAC61D35238D005405B9 /* JKSubTagItem.h */,
				F3BEBAC71D35238D005405B9 /* JKSubTagItem.m */,
			);
			path = Model;
			sourceTree = "<group>";
		};
		F3C9FED21D2E7CBD004BF32E /* View */ = {
			isa = PBXGroup;
			children = (
				F3BEBAC91D3523CB005405B9 /* JKSubTagCell.h */,
				F3BEBACA1D3523CB005405B9 /* JKSubTagCell.m */,
				F3BEBACB1D3523CB005405B9 /* JKSubTagCell.xib */,
			);
			path = View;
			sourceTree = "<group>";
		};
		F3C9FED31D2E7CBD004BF32E /* Publish */ = {
			isa = PBXGroup;
			children = (
				F3C9FED41D2E7CBD004BF32E /* Controller */,
				F3C9FED51D2E7CBD004BF32E /* Model */,
				F3C9FED61D2E7CBD004BF32E /* View */,
			);
			path = Publish;
			sourceTree = "<group>";
		};
		F3C9FED41D2E7CBD004BF32E /* Controller */ = {
			isa = PBXGroup;
			children = (
				F3C9FEE11D2E813C004BF32E /* JKPublishVC.h */,
				F3C9FEE21D2E813C004BF32E /* JKPublishVC.m */,
			);
			path = Controller;
			sourceTree = "<group>";
		};
		F3C9FED51D2E7CBD004BF32E /* Model */ = {
			isa = PBXGroup;
			children = (
			);
			path = Model;
			sourceTree = "<group>";
		};
		F3C9FED61D2E7CBD004BF32E /* View */ = {
			isa = PBXGroup;
			children = (
			);
			path = View;
			sourceTree = "<group>";
		};
		F3C9FED71D2E7D3B004BF32E /* Others */ = {
			isa = PBXGroup;
			children = (
				F3C9FEED1D2E8BB5004BF32E /* category */,
				F3C9FEAA1D2E709A004BF32E /* AppDelegate.h */,
				F3C9FEAB1D2E709A004BF32E /* AppDelegate.m */,
				F31913091D3CEF4200A2295F /* JKConstant.h */,
				F319130A1D3CEF4200A2295F /* JKConstant.m */,
				F34252311D2FCF9000355741 /* BuDeJie.pch */,
				F3C9FEB81D2E709A004BF32E /* Info.plist */,
			);
			path = Others;
			sourceTree = "<group>";
		};
		F3C9FEED1D2E8BB5004BF32E /* category */ = {
			isa = PBXGroup;
			children = (
				F3C9FEF11D2E8F31004BF32E /* UIImage+JKRendering.h */,
				F3C9FEF21D2E8F31004BF32E /* UIImage+JKRendering.m */,
				F342522D1D2FCD3800355741 /* UIView+JKFrame.h */,
				F342522E1D2FCD3800355741 /* UIView+JKFrame.m */,
				F3239EC31D30A11C00F92A01 /* UIBarButtonItem+JKItem.h */,
				F3239EC41D30A11C00F92A01 /* UIBarButtonItem+JKItem.m */,
				F3BEBAE21D3631E6005405B9 /* JKLoginTextField.h */,
				F3BEBAE31D3631E6005405B9 /* JKLoginTextField.m */,
			);
			path = category;
			sourceTree = "<group>";
		};
/* End PBXGroup section */

/* Begin PBXNativeTarget section */
		F3C9FEA31D2E709A004BF32E /* BuDeJie */ = {
			isa = PBXNativeTarget;
			buildConfigurationList = F3C9FEBB1D2E709A004BF32E /* Build configuration list for PBXNativeTarget "BuDeJie" */;
			buildPhases = (
				A994EA3B32F50E930AA57BFE /* [CP] Check Pods Manifest.lock */,
				F3C9FEA01D2E709A004BF32E /* Sources */,
				F3C9FEA11D2E709A004BF32E /* Frameworks */,
				F3C9FEA21D2E709A004BF32E /* Resources */,
				81232A3D4F3A02B077DC141B /* [CP] Embed Pods Frameworks */,
				389963CD43F6552BB7405503 /* [CP] Copy Pods Resources */,
			);
			buildRules = (
			);
			dependencies = (
			);
			name = BuDeJie;
			productName = BuDeJie;
			productReference = F3C9FEA41D2E709A004BF32E /* BuDeJie.app */;
			productType = "com.apple.product-type.application";
		};
/* End PBXNativeTarget section */

/* Begin PBXProject section */
		F3C9FE9C1D2E709A004BF32E /* Project object */ = {
			isa = PBXProject;
			attributes = {
				CLASSPREFIX = JK;
				LastUpgradeCheck = 0730;
				ORGANIZATIONNAME = Joker;
				TargetAttributes = {
					F3C9FEA31D2E709A004BF32E = {
						CreatedOnToolsVersion = 7.3;
						DevelopmentTeam = 424WZ7M67W;
					};
				};
			};
			buildConfigurationList = F3C9FE9F1D2E709A004BF32E /* Build configuration list for PBXProject "BuDeJie" */;
			compatibilityVersion = "Xcode 3.2";
			developmentRegion = English;
			hasScannedForEncodings = 0;
			knownRegions = (
				en,
				Base,
			);
			mainGroup = F3C9FE9B1D2E709A004BF32E;
			productRefGroup = F3C9FEA51D2E709A004BF32E /* Products */;
			projectDirPath = "";
			projectRoot = "";
			targets = (
				F3C9FEA31D2E709A004BF32E /* BuDeJie */,
			);
		};
/* End PBXProject section */

/* Begin PBXResourcesBuildPhase section */
		F3C9FEA21D2E709A004BF32E /* Resources */ = {
			isa = PBXResourcesBuildPhase;
			buildActionMask = 2147483647;
			files = (
				F3BEBACD1D3523CB005405B9 /* JKSubTagCell.xib in Resources */,
				F3239EDB1D30EFC000F92A01 /* JKAdVC.xib in Resources */,
				F3BEBADE1D35F36B005405B9 /* JKLoginRegisterView.xib in Resources */,
				F3239EE51D30F30E00F92A01 /* LaunchImage-700-568h@2x.png in Resources */,
				F359D9181D3E46D4001146C5 /* JKMiddleVoiceView.xib in Resources */,
				F3239EE91D30F30E00F92A01 /* LaunchImage.png in Resources */,
				F3BEBAD21D35E3C0005405B9 /* JKLoginVC.xib in Resources */,
				F31913281D3D28D100A2295F /* JKTopicCell.xib in Resources */,
				F3BEBAD41D35E600005405B9 /* JKFriendTrendVC.xib in Resources */,
				F3239EE61D30F30E00F92A01 /* LaunchImage-700@2x.png in Resources */,
				F3239EE81D30F30E00F92A01 /* LaunchImage-800-Portrait-736h@3x.png in Resources */,
				F3239EE41D30F30E00F92A01 /* LaunchImage-568h@2x.png in Resources */,
				F3239EE71D30F30E00F92A01 /* LaunchImage-800-667h@2x.png in Resources */,
				F3BEBB031D367290005405B9 /* JKSquareCell.xib in Resources */,
				F3BEBAEC1D363361005405B9 /* JKFastLoginView.xib in Resources */,
				F3BEBAF61D365180005405B9 /* JKMeTVC.storyboard in Resources */,
				F3C9FEB41D2E709A004BF32E /* Assets.xcassets in Resources */,
				F3239EEA1D30F30E00F92A01 /* LaunchImage@2x.png in Resources */,
			);
			runOnlyForDeploymentPostprocessing = 0;
		};
/* End PBXResourcesBuildPhase section */

/* Begin PBXShellScriptBuildPhase section */
		389963CD43F6552BB7405503 /* [CP] Copy Pods Resources */ = {
			isa = PBXShellScriptBuildPhase;
			buildActionMask = 2147483647;
			files = (
			);
			inputPaths = (
			);
			name = "[CP] Copy Pods Resources";
			outputPaths = (
			);
			runOnlyForDeploymentPostprocessing = 0;
			shellPath = /bin/sh;
			shellScript = "\"${SRCROOT}/Pods/Target Support Files/Pods-BuDeJie/Pods-BuDeJie-resources.sh\"\n";
			showEnvVarsInLog = 0;
		};
		81232A3D4F3A02B077DC141B /* [CP] Embed Pods Frameworks */ = {
			isa = PBXShellScriptBuildPhase;
			buildActionMask = 2147483647;
			files = (
			);
			inputPaths = (
			);
			name = "[CP] Embed Pods Frameworks";
			outputPaths = (
			);
			runOnlyForDeploymentPostprocessing = 0;
			shellPath = /bin/sh;
			shellScript = "\"${SRCROOT}/Pods/Target Support Files/Pods-BuDeJie/Pods-BuDeJie-frameworks.sh\"\n";
			showEnvVarsInLog = 0;
		};
		A994EA3B32F50E930AA57BFE /* [CP] Check Pods Manifest.lock */ = {
			isa = PBXShellScriptBuildPhase;
			buildActionMask = 2147483647;
			files = (
			);
			inputPaths = (
			);
			name = "[CP] Check Pods Manifest.lock";
			outputPaths = (
			);
			runOnlyForDeploymentPostprocessing = 0;
			shellPath = /bin/sh;
			shellScript = "diff \"${PODS_ROOT}/../Podfile.lock\" \"${PODS_ROOT}/Manifest.lock\" > /dev/null\nif [[ $? != 0 ]] ; then\n    cat << EOM\nerror: The sandbox is not in sync with the Podfile.lock. Run 'pod install' or update your CocoaPods installation.\nEOM\n    exit 1\nfi\n";
			showEnvVarsInLog = 0;
		};
/* End PBXShellScriptBuildPhase section */

/* Begin PBXSourcesBuildPhase section */
		F3C9FEA01D2E709A004BF32E /* Sources */ = {
			isa = PBXSourcesBuildPhase;
			buildActionMask = 2147483647;
			files = (
				F3C9FEAC1D2E709A004BF32E /* AppDelegate.m in Sources */,
				F3BEBAC81D35238D005405B9 /* JKSubTagItem.m in Sources */,
				F3C9FEE61D2E8174004BF32E /* JKFriendTrendVC.m in Sources */,
				F342522C1D2F8CE300355741 /* JKTabBar.m in Sources */,
				F3239EDA1D30EFC000F92A01 /* JKAdVC.m in Sources */,
				F3BEBAD11D35E3C0005405B9 /* JKLoginVC.m in Sources */,
				F3BEBAC51D351F4D005405B9 /* JKSubTagTVC.m in Sources */,
				F3239EC51D30A11C00F92A01 /* UIBarButtonItem+JKItem.m in Sources */,
				F319130B1D3CEF4200A2295F /* JKConstant.m in Sources */,
				F3BEBAE41D3631E6005405B9 /* JKLoginTextField.m in Sources */,
				F30C10AC1D37D25E00D79EE1 /* JKVoiceTVC.m in Sources */,
				F3BEBAF21D3640BD005405B9 /* JKThirdLoginBtn.m in Sources */,
				F30C10B21D37D2A400D79EE1 /* JKWordTVC.m in Sources */,
				F3C9FEE91D2E818A004BF32E /* JKMeTVC.m in Sources */,
				F3C9FEA91D2E709A004BF32E /* main.m in Sources */,
				F3C9FEE01D2E8107004BF32E /* JKNewVC.m in Sources */,
				F3BEBB021D367290005405B9 /* JKSquareCell.m in Sources */,
				F3C9FEF31D2E8F31004BF32E /* UIImage+JKRendering.m in Sources */,
				F30C10AF1D37D28000D79EE1 /* JKImageTVC.m in Sources */,
				F3C9FEE31D2E813C004BF32E /* JKPublishVC.m in Sources */,
				F3BEBAEA1D363355005405B9 /* JKFastLoginView.m in Sources */,
				F3C9FEDA1D2E806A004BF32E /* JKTabBarC.m in Sources */,
				F342522F1D2FCD3800355741 /* UIView+JKFrame.m in Sources */,
				F3BEBADC1D35F35E005405B9 /* JKLoginRegisterView.m in Sources */,
				F3239ED21D30DA1E00F92A01 /* JKSettingTVC.m in Sources */,
				F3239ECB1D30D8D000F92A01 /* JKNavigationController.m in Sources */,
				F31913141D3D0F5C00A2295F /* JKTopicCell.m in Sources */,
				F3BEBAC21D35142A005405B9 /* JKADItem.m in Sources */,
				F3C9FEDD1D2E80E1004BF32E /* JKHomeVC.m in Sources */,
				F30C10A91D37D23800D79EE1 /* JKVideoTVC.m in Sources */,
				F3BEBACC1D3523CB005405B9 /* JKSubTagCell.m in Sources */,
				F30C10E01D3A1B8200D79EE1 /* JKTopicItem.m in Sources */,
				F359D9161D3E46A4001146C5 /* JKMiddleVoiceView.m in Sources */,
				F30C10DD1D39158800D79EE1 /* JKTitleButton.m in Sources */,
				F30C10A61D37D21200D79EE1 /* JKAllTVC.m in Sources */,
				F3BEBAF91D365A91005405B9 /* JKSquareItem.m in Sources */,
			);
			runOnlyForDeploymentPostprocessing = 0;
		};
/* End PBXSourcesBuildPhase section */

/* Begin XCBuildConfiguration section */
		F3C9FEB91D2E709A004BF32E /* Debug */ = {
			isa = XCBuildConfiguration;
			buildSettings = {
				ALWAYS_SEARCH_USER_PATHS = NO;
				CLANG_ANALYZER_NONNULL = YES;
				CLANG_CXX_LANGUAGE_STANDARD = "gnu++0x";
				CLANG_CXX_LIBRARY = "libc++";
				CLANG_ENABLE_MODULES = YES;
				CLANG_ENABLE_OBJC_ARC = YES;
				CLANG_WARN_BOOL_CONVERSION = YES;
				CLANG_WARN_CONSTANT_CONVERSION = YES;
				CLANG_WARN_DIRECT_OBJC_ISA_USAGE = YES_ERROR;
				CLANG_WARN_EMPTY_BODY = YES;
				CLANG_WARN_ENUM_CONVERSION = YES;
				CLANG_WARN_INT_CONVERSION = YES;
				CLANG_WARN_OBJC_ROOT_CLASS = YES_ERROR;
				CLANG_WARN_UNREACHABLE_CODE = YES;
				CLANG_WARN__DUPLICATE_METHOD_MATCH = YES;
				"CODE_SIGN_IDENTITY[sdk=iphoneos*]" = "iPhone Developer";
				COPY_PHASE_STRIP = NO;
				DEBUG_INFORMATION_FORMAT = dwarf;
				ENABLE_STRICT_OBJC_MSGSEND = YES;
				ENABLE_TESTABILITY = YES;
				GCC_C_LANGUAGE_STANDARD = gnu99;
				GCC_DYNAMIC_NO_PIC = NO;
				GCC_NO_COMMON_BLOCKS = YES;
				GCC_OPTIMIZATION_LEVEL = 0;
				GCC_PREPROCESSOR_DEFINITIONS = (
					"DEBUG=1",
					"$(inherited)",
				);
				GCC_WARN_64_TO_32_BIT_CONVERSION = YES;
				GCC_WARN_ABOUT_RETURN_TYPE = YES_ERROR;
				GCC_WARN_UNDECLARED_SELECTOR = YES;
				GCC_WARN_UNINITIALIZED_AUTOS = YES_AGGRESSIVE;
				GCC_WARN_UNUSED_FUNCTION = YES;
				GCC_WARN_UNUSED_VARIABLE = YES;
				IPHONEOS_DEPLOYMENT_TARGET = 9.3;
				MTL_ENABLE_DEBUG_INFO = YES;
				ONLY_ACTIVE_ARCH = YES;
				SDKROOT = iphoneos;
			};
			name = Debug;
		};
		F3C9FEBA1D2E709A004BF32E /* Release */ = {
			isa = XCBuildConfiguration;
			buildSettings = {
				ALWAYS_SEARCH_USER_PATHS = NO;
				CLANG_ANALYZER_NONNULL = YES;
				CLANG_CXX_LANGUAGE_STANDARD = "gnu++0x";
				CLANG_CXX_LIBRARY = "libc++";
				CLANG_ENABLE_MODULES = YES;
				CLANG_ENABLE_OBJC_ARC = YES;
				CLANG_WARN_BOOL_CONVERSION = YES;
				CLANG_WARN_CONSTANT_CONVERSION = YES;
				CLANG_WARN_DIRECT_OBJC_ISA_USAGE = YES_ERROR;
				CLANG_WARN_EMPTY_BODY = YES;
				CLANG_WARN_ENUM_CONVERSION = YES;
				CLANG_WARN_INT_CONVERSION = YES;
				CLANG_WARN_OBJC_ROOT_CLASS = YES_ERROR;
				CLANG_WARN_UNREACHABLE_CODE = YES;
				CLANG_WARN__DUPLICATE_METHOD_MATCH = YES;
				"CODE_SIGN_IDENTITY[sdk=iphoneos*]" = "iPhone Developer";
				COPY_PHASE_STRIP = NO;
				DEBUG_INFORMATION_FORMAT = "dwarf-with-dsym";
				ENABLE_NS_ASSERTIONS = NO;
				ENABLE_STRICT_OBJC_MSGSEND = YES;
				GCC_C_LANGUAGE_STANDARD = gnu99;
				GCC_NO_COMMON_BLOCKS = YES;
				GCC_WARN_64_TO_32_BIT_CONVERSION = YES;
				GCC_WARN_ABOUT_RETURN_TYPE = YES_ERROR;
				GCC_WARN_UNDECLARED_SELECTOR = YES;
				GCC_WARN_UNINITIALIZED_AUTOS = YES_AGGRESSIVE;
				GCC_WARN_UNUSED_FUNCTION = YES;
				GCC_WARN_UNUSED_VARIABLE = YES;
				IPHONEOS_DEPLOYMENT_TARGET = 9.3;
				MTL_ENABLE_DEBUG_INFO = NO;
				SDKROOT = iphoneos;
				VALIDATE_PRODUCT = YES;
			};
			name = Release;
		};
		F3C9FEBC1D2E709A004BF32E /* Debug */ = {
			isa = XCBuildConfiguration;
			baseConfigurationReference = CE3AF2C526D702F346E8E541 /* Pods-BuDeJie.debug.xcconfig */;
			buildSettings = {
				ASSETCATALOG_COMPILER_APPICON_NAME = AppIcon;
				ASSETCATALOG_COMPILER_LAUNCHIMAGE_NAME = LaunchImage;
				CODE_SIGN_IDENTITY = "iPhone Developer";
				GCC_PRECOMPILE_PREFIX_HEADER = YES;
				GCC_PREFIX_HEADER = BuDeJie/Classes/Others/BuDeJie.pch;
				INFOPLIST_FILE = BuDeJie/Info.plist;
				IPHONEOS_DEPLOYMENT_TARGET = 9.0;
				LD_RUNPATH_SEARCH_PATHS = "$(inherited) @executable_path/Frameworks";
				PRODUCT_BUNDLE_IDENTIFIER = com.Joker.BuDeJie;
				PRODUCT_NAME = "$(TARGET_NAME)";
			};
			name = Debug;
		};
		F3C9FEBD1D2E709A004BF32E /* Release */ = {
			isa = XCBuildConfiguration;
			baseConfigurationReference = BCDAC0F33AE5C5BA75B0DFC6 /* Pods-BuDeJie.release.xcconfig */;
			buildSettings = {
				ASSETCATALOG_COMPILER_APPICON_NAME = AppIcon;
				ASSETCATALOG_COMPILER_LAUNCHIMAGE_NAME = LaunchImage;
				CODE_SIGN_IDENTITY = "iPhone Developer";
				GCC_PRECOMPILE_PREFIX_HEADER = YES;
				GCC_PREFIX_HEADER = BuDeJie/Classes/Others/BuDeJie.pch;
				INFOPLIST_FILE = BuDeJie/Info.plist;
				IPHONEOS_DEPLOYMENT_TARGET = 9.0;
				LD_RUNPATH_SEARCH_PATHS = "$(inherited) @executable_path/Frameworks";
				PRODUCT_BUNDLE_IDENTIFIER = com.Joker.BuDeJie;
				PRODUCT_NAME = "$(TARGET_NAME)";
			};
			name = Release;
		};
/* End XCBuildConfiguration section */

/* Begin XCConfigurationList section */
		F3C9FE9F1D2E709A004BF32E /* Build configuration list for PBXProject "BuDeJie" */ = {
			isa = XCConfigurationList;
			buildConfigurations = (
				F3C9FEB91D2E709A004BF32E /* Debug */,
				F3C9FEBA1D2E709A004BF32E /* Release */,
			);
			defaultConfigurationIsVisible = 0;
			defaultConfigurationName = Release;
		};
		F3C9FEBB1D2E709A004BF32E /* Build configuration list for PBXNativeTarget "BuDeJie" */ = {
			isa = XCConfigurationList;
			buildConfigurations = (
				F3C9FEBC1D2E709A004BF32E /* Debug */,
				F3C9FEBD1D2E709A004BF32E /* Release */,
			);
			defaultConfigurationIsVisible = 0;
			defaultConfigurationName = Release;
		};
/* End XCConfigurationList section */
	};
	rootObject = F3C9FE9C1D2E709A004BF32E /* Project object */;
}
